
Microsoft Visual Studio Solution File, Format Version 12.00
# Visual Studio Version 17
VisualStudioVersion = 17.14.35712.36 main
MinimumVisualStudioVersion = 10.0.40219.1
Project("{FAE04EC0-301F-11D3-BF4B-00C04F79EFBC}") = "TestProject", "TestProject\TestProject.csproj", "{4868FD55-C56D-445C-9F83-A063302EC78F}"
EndProject
Project("{FAE04EC0-301F-11D3-BF4B-00C04F79EFBC}") = "ClassLibrary", "ClassLibrary\ClassLibrary.csproj", "{729A12AB-4D79-4756-A776-C7BB63D30A4F}"
EndProject
Global
	GlobalSection(SolutionConfigurationPlatforms) = preSolution
		Debug|Any CPU = Debug|Any CPU
		Release|Any CPU = Release|Any CPU
	EndGlobalSection
	GlobalSection(ProjectConfigurationPlatforms) = postSolution
		{4868FD55-C56D-445C-9F83-A063302EC78F}.Debug|Any CPU.ActiveCfg = Debug|Any CPU
		{4868FD55-C56D-445C-9F83-A063302EC78F}.Debug|Any CPU.Build.0 = Debug|Any CPU
		{4868FD55-C56D-445C-9F83-A063302EC78F}.Release|Any CPU.ActiveCfg = Release|Any CPU
		{4868FD55-C56D-445C-9F83-A063302EC78F}.Release|Any CPU.Build.0 = Release|Any CPU
		{729A12AB-4D79-4756-A776-C7BB63D30A4F}.Debug|Any CPU.ActiveCfg = Debug|Any CPU
		{729A12AB-4D79-4756-A776-C7BB63D30A4F}.Debug|Any CPU.Build.0 = Debug|Any CPU
		{729A12AB-4D79-4756-A776-C7BB63D30A4F}.Release|Any CPU.ActiveCfg = Release|Any CPU
		{729A12AB-4D79-4756-A776-C7BB63D30A4F}.Release|Any CPU.Build.0 = Release|Any CPU
	EndGlobalSection
	GlobalSection(SolutionProperties) = preSolution
		HideSolutionNode = FALSE
	EndGlobalSection
	GlobalSection(ExtensibilityGlobals) = postSolution
		SolutionGuid = {E2F590CA-47E0-4145-924B-3E398540BA45}
	EndGlobalSection
EndGlobal
