
Microsoft Visual Studio Solution File, Format Version 12.00
# Visual Studio Version 16
VisualStudioVersion = 16.0.28621.142
MinimumVisualStudioVersion = 10.0.40219.1
Project("{9A19103F-16F7-4668-BE54-9A1E7A4F7556}") = "formatted_project", "..\formatted_project\formatted_project.csproj", "{EE13F2F8-3254-46A8-8A49-02C428EDE60A}"
EndProject
Global
	GlobalSection(SolutionConfigurationPlatforms) = preSolution
		Debug|Any CPU = Debug|Any CPU
		Release|Any CPU = Release|Any CPU
	EndGlobalSection
	GlobalSection(ProjectConfigurationPlatforms) = postSolution
		{EE13F2F8-3254-46A8-8A49-02C428EDE60A}.Debug|Any CPU.ActiveCfg = Debug|Any CPU
		{EE13F2F8-3254-46A8-8A49-02C428EDE60A}.Debug|Any CPU.Build.0 = Debug|Any CPU
		{EE13F2F8-3254-46A8-8A49-02C428EDE60A}.Release|Any CPU.ActiveCfg = Release|Any CPU
		{EE13F2F8-3254-46A8-8A49-02C428EDE60A}.Release|Any CPU.Build.0 = Release|Any CPU
	EndGlobalSection
	GlobalSection(SolutionProperties) = preSolution
		HideSolutionNode = FALSE
	EndGlobalSection
	GlobalSection(ExtensibilityGlobals) = postSolution
		SolutionGuid = {C0AFE45C-FD8E-4E3B-9300-8C067DE00C01}
	EndGlobalSection
EndGlobal
