
Microsoft Visual Studio Solution File, Format Version 12.00
# Visual Studio Version 17
VisualStudioVersion = 17.5.002.0
MinimumVisualStudioVersion = 10.0.40219.1
Project("{9A19103F-16F7-4668-BE54-9A1E7A4F7556}") = "AppWithP2PReference", "AppWithP2PReference.csproj", "{8B39F50A-A007-48AE-AC28-7C105B1BE86E}"
EndProject
Global
	GlobalSection(SolutionConfigurationPlatforms) = preSolution
		Debug|Any CPU = Debug|Any CPU
		Release|Any CPU = Release|Any CPU
	EndGlobalSection
	GlobalSection(ProjectConfigurationPlatforms) = postSolution
		{8B39F50A-A007-48AE-AC28-7C105B1BE86E}.Debug|Any CPU.ActiveCfg = Debug|Any CPU
		{8B39F50A-A007-48AE-AC28-7C105B1BE86E}.Debug|Any CPU.Build.0 = Debug|Any CPU
		{8B39F50A-A007-48AE-AC28-7C105B1BE86E}.Release|Any CPU.ActiveCfg = Release|Any CPU
		{8B39F50A-A007-48AE-AC28-7C105B1BE86E}.Release|Any CPU.Build.0 = Release|Any CPU
	EndGlobalSection
	GlobalSection(SolutionProperties) = preSolution
		HideSolutionNode = FALSE
	EndGlobalSection
	GlobalSection(ExtensibilityGlobals) = postSolution
		SolutionGuid = {4A225483-0649-465C-B592-89D92B3A3A96}
	EndGlobalSection
EndGlobal
