
Microsoft Visual Studio Solution File, Format Version 12.00
# Visual Studio 15
VisualStudioVersion = 15.0.27120.0
MinimumVisualStudioVersion = 10.0.40219.1
Project("{9A19103F-16F7-4668-BE54-9A1E7A4F7556}") = "BaselineComparer", "BaselineComparer\BaselineComparer.csproj", "{A8DC5F3C-D6A3-4E31-AC8E-C9D5E6DD940E}"
EndProject
Project("{FAE04EC0-301F-11D3-BF4B-00C04F79EFBC}") = "BaselineComparerTests", "BaselineComparerTests\BaselineComparerTests.csproj", "{6A036613-C79A-4070-B490-8EE4E372FA4B}"
EndProject
Global
	GlobalSection(SolutionConfigurationPlatforms) = preSolution
		Debug|Any CPU = Debug|Any CPU
		Release|Any CPU = Release|Any CPU
	EndGlobalSection
	GlobalSection(ProjectConfigurationPlatforms) = postSolution
		{A8DC5F3C-D6A3-4E31-AC8E-C9D5E6DD940E}.Debug|Any CPU.ActiveCfg = Debug|Any CPU
		{A8DC5F3C-D6A3-4E31-AC8E-C9D5E6DD940E}.Debug|Any CPU.Build.0 = Debug|Any CPU
		{A8DC5F3C-D6A3-4E31-AC8E-C9D5E6DD940E}.Release|Any CPU.ActiveCfg = Release|Any CPU
		{A8DC5F3C-D6A3-4E31-AC8E-C9D5E6DD940E}.Release|Any CPU.Build.0 = Release|Any CPU
		{6A036613-C79A-4070-B490-8EE4E372FA4B}.Debug|Any CPU.ActiveCfg = Debug|Any CPU
		{6A036613-C79A-4070-B490-8EE4E372FA4B}.Debug|Any CPU.Build.0 = Debug|Any CPU
		{6A036613-C79A-4070-B490-8EE4E372FA4B}.Release|Any CPU.ActiveCfg = Release|Any CPU
		{6A036613-C79A-4070-B490-8EE4E372FA4B}.Release|Any CPU.Build.0 = Release|Any CPU
	EndGlobalSection
	GlobalSection(SolutionProperties) = preSolution
		HideSolutionNode = FALSE
	EndGlobalSection
	GlobalSection(ExtensibilityGlobals) = postSolution
		SolutionGuid = {82C88E50-9178-44D9-B41C-4DBF22AC9A1A}
	EndGlobalSection
EndGlobal
