<Solution>
  <Configurations>
    <Platform Name="Any CPU" />
    <Platform Name="x64" />
    <Platform Name="x86" />
  </Configurations>
  <Project Path="App/App.csproj">
    <Platform Solution="*|x64" Project="x64" />
    <Platform Solution="*|x86" Project="x86" />
  </Project>
  <Project Path="Lib/Lib.csproj">
    <BuildType Project="?" />
    <Platform Project="?" />
    <Build Project="false" />
  </Project>
</Solution>
