
Microsoft Visual Studio Solution File, Format Version 12.00
# Visual Studio Version 17
VisualStudioVersion = 17.13.35415.258 main
MinimumVisualStudioVersion = 10.0.40219.1
Project("{FAE04EC0-301F-11D3-BF4B-00C04F79EFBC}") = "TestProject", "TestProject\TestProject.csproj", "{EB61ABDF-A476-4CD0-8F05-78C1CFB8D011}"
EndProject
Project("{FAE04EC0-301F-11D3-BF4B-00C04F79EFBC}") = "OtherTestProject", "OtherTestProject\OtherTestProject.csproj", "{10324BA1-E676-44C6-AF77-5186CEF704FC}"
EndProject
Project("{FAE04EC0-301F-11D3-BF4B-00C04F79EFBC}") = "AnotherTestProject", "AnotherTestProject\AnotherTestProject.csproj", "{7BCB85D3-DFED-4FAA-BCB5-5F0638331CC3}"
EndProject
Global
	GlobalSection(SolutionConfigurationPlatforms) = preSolution
		Debug|Any CPU = Debug|Any CPU
		Release|Any CPU = Release|Any CPU
	EndGlobalSection
	GlobalSection(ProjectConfigurationPlatforms) = postSolution
		{EB61ABDF-A476-4CD0-8F05-78C1CFB8D011}.Debug|Any CPU.ActiveCfg = Debug|Any CPU
		{EB61ABDF-A476-4CD0-8F05-78C1CFB8D011}.Debug|Any CPU.Build.0 = Debug|Any CPU
		{EB61ABDF-A476-4CD0-8F05-78C1CFB8D011}.Release|Any CPU.ActiveCfg = Release|Any CPU
		{EB61ABDF-A476-4CD0-8F05-78C1CFB8D011}.Release|Any CPU.Build.0 = Release|Any CPU
		{10324BA1-E676-44C6-AF77-5186CEF704FC}.Debug|Any CPU.ActiveCfg = Debug|Any CPU
		{10324BA1-E676-44C6-AF77-5186CEF704FC}.Debug|Any CPU.Build.0 = Debug|Any CPU
		{10324BA1-E676-44C6-AF77-5186CEF704FC}.Release|Any CPU.ActiveCfg = Release|Any CPU
		{10324BA1-E676-44C6-AF77-5186CEF704FC}.Release|Any CPU.Build.0 = Release|Any CPU
		{7BCB85D3-DFED-4FAA-BCB5-5F0638331CC3}.Debug|Any CPU.ActiveCfg = Debug|Any CPU
		{7BCB85D3-DFED-4FAA-BCB5-5F0638331CC3}.Debug|Any CPU.Build.0 = Debug|Any CPU
		{7BCB85D3-DFED-4FAA-BCB5-5F0638331CC3}.Release|Any CPU.ActiveCfg = Release|Any CPU
		{7BCB85D3-DFED-4FAA-BCB5-5F0638331CC3}.Release|Any CPU.Build.0 = Release|Any CPU
	EndGlobalSection
	GlobalSection(SolutionProperties) = preSolution
		HideSolutionNode = FALSE
	EndGlobalSection
EndGlobal
