
Microsoft Visual Studio Solution File, Format Version 12.00
# Visual Studio Version 17
VisualStudioVersion = 17.0.31903.59
MinimumVisualStudioVersion = 10.0.40219.1
Project("{FAE04EC0-301F-11D3-BF4B-00C04F79EFBC}") = "App", "App\App.csproj", "{8E5D6DE4-3E3B-4C22-8E3B-4E3B4C228E3B}"
EndProject
Project("{FAE04EC0-301F-11D3-BF4B-00C04F79EFBC}") = "Lib", "Lib\Lib.csproj", "{9F6E7EF5-4F4C-5D33-9F4C-5F4C5D339F4C}"
EndProject
Global
	GlobalSection(SolutionConfigurationPlatforms) = preSolution
		Debug|Any CPU = Debug|Any CPU
		Release|Any CPU = Release|Any CPU
	EndGlobalSection
	GlobalSection(ProjectConfigurationPlatforms) = postSolution
		{8E5D6DE4-3E3B-4C22-8E3B-4E3B4C228E3B}.Debug|Any CPU.ActiveCfg = Debug|Any CPU
		{8E5D6DE4-3E3B-4C22-8E3B-4E3B4C228E3B}.Debug|Any CPU.Build.0 = Debug|Any CPU
		{8E5D6DE4-3E3B-4C22-8E3B-4E3B4C228E3B}.Release|Any CPU.ActiveCfg = Release|Any CPU
		{8E5D6DE4-3E3B-4C22-8E3B-4E3B4C228E3B}.Release|Any CPU.Build.0 = Release|Any CPU
		{9F6E7EF5-4F4C-5D33-9F4C-5F4C5D339F4C}.Debug|Any CPU.ActiveCfg = Debug|Any CPU
		{9F6E7EF5-4F4C-5D33-9F4C-5F4C5D339F4C}.Debug|Any CPU.Build.0 = Debug|Any CPU
		{9F6E7EF5-4F4C-5D33-9F4C-5F4C5D339F4C}.Release|Any CPU.ActiveCfg = Release|Any CPU
		{9F6E7EF5-4F4C-5D33-9F4C-5F4C5D339F4C}.Release|Any CPU.Build.0 = Release|Any CPU
	EndGlobalSection
EndGlobal
