Microsoft Visual Studio Solution File, Format Version 12.00
# Visual Studio 15
VisualStudioVersion = 15.0.26006.2
MinimumVisualStudioVersion = 10.0.40219.1
Project("{9A19103F-16F7-4668-BE54-9A1E7A4F7556}") = "App", "App.csproj", "{7072A694-548F-4CAE-A58F-12D257D5F486}"
EndProject
Project("{2150E333-8FDC-42A3-9474-1A3956D46DE8}") = "TestFolder", "TestFolder", "{20BBBE75-F71E-4F09-8052-BB7738E4D289}"
EndProject
Project("{2150E333-8FDC-42A3-9474-1A3956D46DE8}") = "InnerTestFolder", "InnerTestFolder", "{CD94A576-E0D6-428D-924E-C91D6E1A924D}"
EndProject
Project("{2150E333-8FDC-42A3-9474-1A3956D46DE8}") = "InnermostTestFolder", "InnermostTestFolder", "{9D7617ED-D4CF-4636-AB4D-9B68B1A18164}"
EndProject
Global
	GlobalSection(SolutionConfigurationPlatforms) = preSolution
		Debug|Any CPU = Debug|Any CPU
		Debug|x64 = Debug|x64
		Debug|x86 = Debug|x86
		Release|Any CPU = Release|Any CPU
		Release|x64 = Release|x64
		Release|x86 = Release|x86
	EndGlobalSection
	GlobalSection(ProjectConfigurationPlatforms) = postSolution
		{7072A694-548F-4CAE-A58F-12D257D5F486}.Debug|Any CPU.ActiveCfg = Debug|Any CPU
		{7072A694-548F-4CAE-A58F-12D257D5F486}.Debug|Any CPU.Build.0 = Debug|Any CPU
		{7072A694-548F-4CAE-A58F-12D257D5F486}.Debug|x64.ActiveCfg = Debug|x64
		{7072A694-548F-4CAE-A58F-12D257D5F486}.Debug|x64.Build.0 = Debug|x64
		{7072A694-548F-4CAE-A58F-12D257D5F486}.Debug|x86.ActiveCfg = Debug|x86
		{7072A694-548F-4CAE-A58F-12D257D5F486}.Debug|x86.Build.0 = Debug|x86
		{7072A694-548F-4CAE-A58F-12D257D5F486}.Release|Any CPU.ActiveCfg = Release|Any CPU
		{7072A694-548F-4CAE-A58F-12D257D5F486}.Release|Any CPU.Build.0 = Release|Any CPU
		{7072A694-548F-4CAE-A58F-12D257D5F486}.Release|x64.ActiveCfg = Release|x64
		{7072A694-548F-4CAE-A58F-12D257D5F486}.Release|x64.Build.0 = Release|x64
		{7072A694-548F-4CAE-A58F-12D257D5F486}.Release|x86.ActiveCfg = Release|x86
		{7072A694-548F-4CAE-A58F-12D257D5F486}.Release|x86.Build.0 = Release|x86
	EndGlobalSection
	GlobalSection(SolutionProperties) = preSolution
		HideSolutionNode = FALSE
	EndGlobalSection
	GlobalSection(NestedProjects) = preSolution
		{CD94A576-E0D6-428D-924E-C91D6E1A924D} = {20BBBE75-F71E-4F09-8052-BB7738E4D289}
		{9D7617ED-D4CF-4636-AB4D-9B68B1A18164} = {CD94A576-E0D6-428D-924E-C91D6E1A924D}
	EndGlobalSection
EndGlobal
