
Microsoft Visual Studio Solution File, Format Version 12.00
# Visual Studio Version 17
VisualStudioVersion = 17.0.31903.59
MinimumVisualStudioVersion = 10.0.40219.1
Project("{FAE04EC0-301F-11D3-BF4B-00C04F79EFBC}") = "TestProject1", "TestProject1\TestProject1.csproj", "{37483A1D-399E-4902-8FB2-7CD975B7DD69}"
EndProject
Project("{FAE04EC0-301F-11D3-BF4B-00C04F79EFBC}") = "TestProject2", "TestProject2\TestProject2.csproj", "{19E736D1-54BB-4719-B551-236D7ED99E24}"
EndProject
Global
	GlobalSection(SolutionConfigurationPlatforms) = preSolution
		Debug|Any CPU = Debug|Any CPU
		Debug|x64 = Debug|x64
		Debug|x86 = Debug|x86
		Release|Any CPU = Release|Any CPU
		Release|x64 = Release|x64
		Release|x86 = Release|x86
	EndGlobalSection
	GlobalSection(ProjectConfigurationPlatforms) = postSolution
		{37483A1D-399E-4902-8FB2-7CD975B7DD69}.Debug|Any CPU.ActiveCfg = Debug|Any CPU
		{37483A1D-399E-4902-8FB2-7CD975B7DD69}.Debug|Any CPU.Build.0 = Debug|Any CPU
		{37483A1D-399E-4902-8FB2-7CD975B7DD69}.Debug|x64.ActiveCfg = Debug|Any CPU
		{37483A1D-399E-4902-8FB2-7CD975B7DD69}.Debug|x64.Build.0 = Debug|Any CPU
		{37483A1D-399E-4902-8FB2-7CD975B7DD69}.Debug|x86.ActiveCfg = Debug|Any CPU
		{37483A1D-399E-4902-8FB2-7CD975B7DD69}.Debug|x86.Build.0 = Debug|Any CPU
		{37483A1D-399E-4902-8FB2-7CD975B7DD69}.Release|Any CPU.ActiveCfg = Release|Any CPU
		{37483A1D-399E-4902-8FB2-7CD975B7DD69}.Release|Any CPU.Build.0 = Release|Any CPU
		{37483A1D-399E-4902-8FB2-7CD975B7DD69}.Release|x64.ActiveCfg = Release|Any CPU
		{37483A1D-399E-4902-8FB2-7CD975B7DD69}.Release|x64.Build.0 = Release|Any CPU
		{37483A1D-399E-4902-8FB2-7CD975B7DD69}.Release|x86.ActiveCfg = Release|Any CPU
		{37483A1D-399E-4902-8FB2-7CD975B7DD69}.Release|x86.Build.0 = Release|Any CPU
		{19E736D1-54BB-4719-B551-236D7ED99E24}.Debug|Any CPU.ActiveCfg = Debug|Any CPU
		{19E736D1-54BB-4719-B551-236D7ED99E24}.Debug|Any CPU.Build.0 = Debug|Any CPU
		{19E736D1-54BB-4719-B551-236D7ED99E24}.Debug|x64.ActiveCfg = Debug|Any CPU
		{19E736D1-54BB-4719-B551-236D7ED99E24}.Debug|x64.Build.0 = Debug|Any CPU
		{19E736D1-54BB-4719-B551-236D7ED99E24}.Debug|x86.ActiveCfg = Debug|Any CPU
		{19E736D1-54BB-4719-B551-236D7ED99E24}.Debug|x86.Build.0 = Debug|Any CPU
		{19E736D1-54BB-4719-B551-236D7ED99E24}.Release|Any CPU.ActiveCfg = Release|Any CPU
		{19E736D1-54BB-4719-B551-236D7ED99E24}.Release|Any CPU.Build.0 = Release|Any CPU
		{19E736D1-54BB-4719-B551-236D7ED99E24}.Release|x64.ActiveCfg = Release|Any CPU
		{19E736D1-54BB-4719-B551-236D7ED99E24}.Release|x64.Build.0 = Release|Any CPU
		{19E736D1-54BB-4719-B551-236D7ED99E24}.Release|x86.ActiveCfg = Release|Any CPU
		{19E736D1-54BB-4719-B551-236D7ED99E24}.Release|x86.Build.0 = Release|Any CPU
	EndGlobalSection
	GlobalSection(SolutionProperties) = preSolution
		HideSolutionNode = FALSE
	EndGlobalSection
EndGlobal
