
Microsoft Visual Studio Solution File, Format Version 12.00
# Visual Studio Version 17
VisualStudioVersion = 17.12.35322.30 main
MinimumVisualStudioVersion = 10.0.40219.1
Project("{FAE04EC0-301F-11D3-BF4B-00C04F79EFBC}") = "TestProjectA", "TestProjectA\TestProjectA.csproj", "{2B7B0D3C-6C36-4C5E-9E3E-9C0F2D5A1A01}"
EndProject
Project("{FAE04EC0-301F-11D3-BF4B-00C04F79EFBC}") = "TestProjectB", "TestProjectB\TestProjectB.csproj", "{2B7B0D3C-6C36-4C5E-9E3E-9C0F2D5A1A02}"
EndProject
Global
	GlobalSection(SolutionConfigurationPlatforms) = preSolution
		Debug|Any CPU = Debug|Any CPU
		Release|Any CPU = Release|Any CPU
	EndGlobalSection
	GlobalSection(ProjectConfigurationPlatforms) = postSolution
		{2B7B0D3C-6C36-4C5E-9E3E-9C0F2D5A1A01}.Debug|Any CPU.ActiveCfg = Debug|Any CPU
		{2B7B0D3C-6C36-4C5E-9E3E-9C0F2D5A1A01}.Debug|Any CPU.Build.0 = Debug|Any CPU
		{2B7B0D3C-6C36-4C5E-9E3E-9C0F2D5A1A01}.Release|Any CPU.ActiveCfg = Release|Any CPU
		{2B7B0D3C-6C36-4C5E-9E3E-9C0F2D5A1A01}.Release|Any CPU.Build.0 = Release|Any CPU
		{2B7B0D3C-6C36-4C5E-9E3E-9C0F2D5A1A02}.Debug|Any CPU.ActiveCfg = Debug|Any CPU
		{2B7B0D3C-6C36-4C5E-9E3E-9C0F2D5A1A02}.Debug|Any CPU.Build.0 = Debug|Any CPU
		{2B7B0D3C-6C36-4C5E-9E3E-9C0F2D5A1A02}.Release|Any CPU.ActiveCfg = Release|Any CPU
		{2B7B0D3C-6C36-4C5E-9E3E-9C0F2D5A1A02}.Release|Any CPU.Build.0 = Release|Any CPU
	EndGlobalSection
	GlobalSection(SolutionProperties) = preSolution
		HideSolutionNode = FALSE
	EndGlobalSection
EndGlobal
