
Microsoft Visual Studio Solution File, Format Version 12.00
# Visual Studio Version 16
VisualStudioVersion = 16.0.30114.105
MinimumVisualStudioVersion = 10.0.40219.1
Project("{2150E333-8FDC-42A3-9474-1A3956D46DE8}") = "src", "src", "{7C814B51-13E9-4E55-A1DD-32D1E9A2AF61}"
EndProject
Project("{FAE04EC0-301F-11D3-BF4B-00C04F79EFBC}") = "Microsoft.DotNet.ApiCompatibility", "Microsoft.DotNet.ApiCompatibility\Microsoft.DotNet.ApiCompatibility.csproj", "{34FFBC45-6E83-4A71-8DF2-36FA68ABAA86}"
EndProject
Project("{FAE04EC0-301F-11D3-BF4B-00C04F79EFBC}") = "Microsoft.DotNet.PackageValidation", "Microsoft.DotNet.PackageValidation\Microsoft.DotNet.PackageValidation.csproj", "{2F5BC90A-5DBB-449A-8038-C5220CC94E08}"
EndProject
Project("{2150E333-8FDC-42A3-9474-1A3956D46DE8}") = "tests", "tests", "{A5C5DC8F-4EE2-40A5-9F14-C91AAFA52FF8}"
EndProject
Project("{FAE04EC0-301F-11D3-BF4B-00C04F79EFBC}") = "Microsoft.DotNet.ApiCompatibility.Tests", "..\Tests\Microsoft.DotNet.ApiCompatibility.Tests\Microsoft.DotNet.ApiCompatibility.Tests.csproj", "{FABE9820-817C-46C9-991B-F8787D69D630}"
EndProject
Project("{FAE04EC0-301F-11D3-BF4B-00C04F79EFBC}") = "Microsoft.DotNet.PackageValidation.Tests", "..\Tests\Microsoft.DotNet.PackageValidation.Tests\Microsoft.DotNet.PackageValidation.Tests.csproj", "{81A0F0AE-D149-4141-86A4-2A94D9E6E9FD}"
EndProject
Global
	GlobalSection(SolutionConfigurationPlatforms) = preSolution
		Debug|Any CPU = Debug|Any CPU
		Release|Any CPU = Release|Any CPU
	EndGlobalSection
	GlobalSection(SolutionProperties) = preSolution
		HideSolutionNode = FALSE
	EndGlobalSection
	GlobalSection(ProjectConfigurationPlatforms) = postSolution
		{34FFBC45-6E83-4A71-8DF2-36FA68ABAA86}.Debug|Any CPU.ActiveCfg = Debug|Any CPU
		{34FFBC45-6E83-4A71-8DF2-36FA68ABAA86}.Debug|Any CPU.Build.0 = Debug|Any CPU
		{34FFBC45-6E83-4A71-8DF2-36FA68ABAA86}.Release|Any CPU.ActiveCfg = Release|Any CPU
		{34FFBC45-6E83-4A71-8DF2-36FA68ABAA86}.Release|Any CPU.Build.0 = Release|Any CPU
		{2F5BC90A-5DBB-449A-8038-C5220CC94E08}.Debug|Any CPU.ActiveCfg = Debug|Any CPU
		{2F5BC90A-5DBB-449A-8038-C5220CC94E08}.Debug|Any CPU.Build.0 = Debug|Any CPU
		{2F5BC90A-5DBB-449A-8038-C5220CC94E08}.Release|Any CPU.ActiveCfg = Release|Any CPU
		{2F5BC90A-5DBB-449A-8038-C5220CC94E08}.Release|Any CPU.Build.0 = Release|Any CPU
		{FABE9820-817C-46C9-991B-F8787D69D630}.Debug|Any CPU.ActiveCfg = Debug|Any CPU
		{FABE9820-817C-46C9-991B-F8787D69D630}.Debug|Any CPU.Build.0 = Debug|Any CPU
		{FABE9820-817C-46C9-991B-F8787D69D630}.Release|Any CPU.ActiveCfg = Release|Any CPU
		{FABE9820-817C-46C9-991B-F8787D69D630}.Release|Any CPU.Build.0 = Release|Any CPU
		{81A0F0AE-D149-4141-86A4-2A94D9E6E9FD}.Debug|Any CPU.ActiveCfg = Debug|Any CPU
		{81A0F0AE-D149-4141-86A4-2A94D9E6E9FD}.Debug|Any CPU.Build.0 = Debug|Any CPU
		{81A0F0AE-D149-4141-86A4-2A94D9E6E9FD}.Release|Any CPU.ActiveCfg = Release|Any CPU
		{81A0F0AE-D149-4141-86A4-2A94D9E6E9FD}.Release|Any CPU.Build.0 = Release|Any CPU
	EndGlobalSection
	GlobalSection(NestedProjects) = preSolution
		{34FFBC45-6E83-4A71-8DF2-36FA68ABAA86} = {7C814B51-13E9-4E55-A1DD-32D1E9A2AF61}
		{2F5BC90A-5DBB-449A-8038-C5220CC94E08} = {7C814B51-13E9-4E55-A1DD-32D1E9A2AF61}
		{FABE9820-817C-46C9-991B-F8787D69D630} = {A5C5DC8F-4EE2-40A5-9F14-C91AAFA52FF8}
		{81A0F0AE-D149-4141-86A4-2A94D9E6E9FD} = {A5C5DC8F-4EE2-40A5-9F14-C91AAFA52FF8}
	EndGlobalSection
EndGlobal
