
Microsoft Visual Studio Solution File, Format Version 12.00
# Visual Studio Version 17
VisualStudioVersion = 17.13.35505.181
MinimumVisualStudioVersion = 10.0.40219.1
Project("{FAE04EC0-301F-11D3-BF4B-00C04F79EFBC}") = "TestProject", "TestProject\TestProject.csproj", "{D2E321F2-3513-99DE-C37E-6D48D15F404D}"
EndProject
Global
	GlobalSection(SolutionConfigurationPlatforms) = preSolution
		Debug|Any CPU = Debug|Any CPU
		Release|Any CPU = Release|Any CPU
	EndGlobalSection
	GlobalSection(ProjectConfigurationPlatforms) = postSolution
		{D2E321F2-3513-99DE-C37E-6D48D15F404D}.Debug|Any CPU.ActiveCfg = Debug|Any CPU
		{D2E321F2-3513-99DE-C37E-6D48D15F404D}.Debug|Any CPU.Build.0 = Debug|Any CPU
		{D2E321F2-3513-99DE-C37E-6D48D15F404D}.Release|Any CPU.ActiveCfg = Release|Any CPU
		{D2E321F2-3513-99DE-C37E-6D48D15F404D}.Release|Any CPU.Build.0 = Release|Any CPU
	EndGlobalSection
	GlobalSection(SolutionProperties) = preSolution
		HideSolutionNode = FALSE
	EndGlobalSection
	GlobalSection(ExtensibilityGlobals) = postSolution
		SolutionGuid = {3D7914D1-7D03-4FFB-8D0F-7FFA6B6BA6A0}
	EndGlobalSection
EndGlobal
