
Microsoft Visual Studio Solution File, Format Version 12.00
# Visual Studio Version 17
VisualStudioVersion = 17.13.35415.258 main
MinimumVisualStudioVersion = 10.0.40219.1
Project("{FAE04EC0-301F-11D3-BF4B-00C04F79EFBC}") = "TestProject", "TestProject\TestProject.csproj", "{3A1C1B98-E445-473C-9697-691D6F512878}"
EndProject
Project("{FAE04EC0-301F-11D3-BF4B-00C04F79EFBC}") = "AnotherTestProject", "AnotherTestProject\AnotherTestProject.csproj", "{688D935E-DA1D-40F4-BE84-61FF7364A643}"
EndProject
Global
	GlobalSection(SolutionConfigurationPlatforms) = preSolution
		Debug|Any CPU = Debug|Any CPU
		Release|Any CPU = Release|Any CPU
	EndGlobalSection
	GlobalSection(ProjectConfigurationPlatforms) = postSolution
		{3A1C1B98-E445-473C-9697-691D6F512878}.Debug|Any CPU.ActiveCfg = Debug|Any CPU
		{3A1C1B98-E445-473C-9697-691D6F512878}.Debug|Any CPU.Build.0 = Debug|Any CPU
		{3A1C1B98-E445-473C-9697-691D6F512878}.Release|Any CPU.ActiveCfg = Release|Any CPU
		{3A1C1B98-E445-473C-9697-691D6F512878}.Release|Any CPU.Build.0 = Release|Any CPU
		{688D935E-DA1D-40F4-BE84-61FF7364A643}.Debug|Any CPU.ActiveCfg = Debug|Any CPU
		{688D935E-DA1D-40F4-BE84-61FF7364A643}.Debug|Any CPU.Build.0 = Debug|Any CPU
		{688D935E-DA1D-40F4-BE84-61FF7364A643}.Release|Any CPU.ActiveCfg = Release|Any CPU
		{688D935E-DA1D-40F4-BE84-61FF7364A643}.Release|Any CPU.Build.0 = Release|Any CPU
	EndGlobalSection
	GlobalSection(SolutionProperties) = preSolution
		HideSolutionNode = FALSE
	EndGlobalSection
EndGlobal
