
Microsoft Visual Studio Solution File, Format Version 12.00
# Visual Studio Version 16
VisualStudioVersion = 16.0.28907.174
MinimumVisualStudioVersion = 10.0.40219.1
Project("{FAE04EC0-301F-11D3-BF4B-00C04F79EFBC}") = "WinformsNetFrameworkPerfApp1", "WinformsNetFrameworkPerfApp1\WinformsNetFrameworkPerfApp1.csproj", "{769504A6-1D9E-447D-A9B9-5EEDB49A43D2}"
EndProject
Global
	GlobalSection(SolutionConfigurationPlatforms) = preSolution
		Debug|Any CPU = Debug|Any CPU
		Release|Any CPU = Release|Any CPU
	EndGlobalSection
	GlobalSection(ProjectConfigurationPlatforms) = postSolution
		{769504A6-1D9E-447D-A9B9-5EEDB49A43D2}.Debug|Any CPU.ActiveCfg = Debug|Any CPU
		{769504A6-1D9E-447D-A9B9-5EEDB49A43D2}.Debug|Any CPU.Build.0 = Debug|Any CPU
		{769504A6-1D9E-447D-A9B9-5EEDB49A43D2}.Release|Any CPU.ActiveCfg = Release|Any CPU
		{769504A6-1D9E-447D-A9B9-5EEDB49A43D2}.Release|Any CPU.Build.0 = Release|Any CPU
	EndGlobalSection
	GlobalSection(SolutionProperties) = preSolution
		HideSolutionNode = FALSE
	EndGlobalSection
	GlobalSection(ExtensibilityGlobals) = postSolution
		SolutionGuid = {0E0F20DE-0A63-4176-BD0F-113F9FD14F97}
	EndGlobalSection
EndGlobal
