Microsoft Visual Studio Solution File, Format Version 12.00
Project("{9A19103F-16F7-4668-BE54-9A1E7A4F7556}") = "Microsoft.DotNet.UnifiedBuild.Tests", "Microsoft.DotNet.UnifiedBuild.Tests.csproj", "{B90F5D54-55BF-468F-A0F7-7CD9A3420FFB}"
EndProject
Project("{9A19103F-16F7-4668-BE54-9A1E7A4F7556}") = "extract-sdk-archive", "..\..\eng\extract-sdk-archive.proj", "{9D08110A-A541-4CF0-A0A0-1831E3879198}"
EndProject
Project("{9A19103F-16F7-4668-BE54-9A1E7A4F7556}") = "merge-asset-manifests", "..\..\eng\merge-asset-manifests.proj", "{4533D274-B5D6-40A3-A849-1F5343F9A978}"
EndProject
Project("{9A19103F-16F7-4668-BE54-9A1E7A4F7556}") = "Microsoft.DotNet.UnifiedBuild.Tasks", "..\..\eng\tools\tasks\Microsoft.DotNet.UnifiedBuild.Tasks\Microsoft.DotNet.UnifiedBuild.Tasks.csproj", "{5E7DCA2A-C86A-4505-8120-D1D357F003E0}"
EndProject
Global
	GlobalSection(SolutionConfigurationPlatforms) = preSolution
		Debug|Any CPU = Debug|Any CPU
		Release|Any CPU = Release|Any CPU
	EndGlobalSection
	GlobalSection(ProjectConfigurationPlatforms) = postSolution
		{B90F5D54-55BF-468F-A0F7-7CD9A3420FFB}.Debug|Any CPU.ActiveCfg = Debug|Any CPU
		{B90F5D54-55BF-468F-A0F7-7CD9A3420FFB}.Debug|Any CPU.Build.0 = Debug|Any CPU
		{B90F5D54-55BF-468F-A0F7-7CD9A3420FFB}.Release|Any CPU.ActiveCfg = Release|Any CPU
		{B90F5D54-55BF-468F-A0F7-7CD9A3420FFB}.Release|Any CPU.Build.0 = Release|Any CPU
		{9D08110A-A541-4CF0-A0A0-1831E3879198}.Debug|Any CPU.ActiveCfg = Debug|Any CPU
		{9D08110A-A541-4CF0-A0A0-1831E3879198}.Debug|Any CPU.Build.0 = Debug|Any CPU
		{9D08110A-A541-4CF0-A0A0-1831E3879198}.Release|Any CPU.ActiveCfg = Release|Any CPU
		{9D08110A-A541-4CF0-A0A0-1831E3879198}.Release|Any CPU.Build.0 = Release|Any CPU
		{4533D274-B5D6-40A3-A849-1F5343F9A978}.Debug|Any CPU.ActiveCfg = Debug|Any CPU
		{4533D274-B5D6-40A3-A849-1F5343F9A978}.Debug|Any CPU.Build.0 = Debug|Any CPU
		{4533D274-B5D6-40A3-A849-1F5343F9A978}.Release|Any CPU.ActiveCfg = Release|Any CPU
		{4533D274-B5D6-40A3-A849-1F5343F9A978}.Release|Any CPU.Build.0 = Release|Any CPU
		{5E7DCA2A-C86A-4505-8120-D1D357F003E0}.Debug|Any CPU.ActiveCfg = Debug|Any CPU
		{5E7DCA2A-C86A-4505-8120-D1D357F003E0}.Debug|Any CPU.Build.0 = Debug|Any CPU
		{5E7DCA2A-C86A-4505-8120-D1D357F003E0}.Release|Any CPU.ActiveCfg = Release|Any CPU
		{5E7DCA2A-C86A-4505-8120-D1D357F003E0}.Release|Any CPU.Build.0 = Release|Any CPU
	EndGlobalSection
	GlobalSection(SolutionProperties) = preSolution
		HideSolutionNode = FALSE
	EndGlobalSection
	GlobalSection(ExtensibilityGlobals) = postSolution
		SolutionGuid = {217F09C8-9094-40C4-BBBD-3F672BCBE756}
	EndGlobalSection
EndGlobal
