Microsoft Visual Studio Solution File, Format Version 12.00
# Visual Studio Version 17
VisualStudioVersion = 17.12.35322.30 main
MinimumVisualStudioVersion = 10.0.40219.1
Project("{FAE04EC0-301F-11D3-BF4B-00C04F79EFBC}") = "TestProject", "TestProject.csproj", "{C6D846BA-EFD0-44A5-A07C-6C50D264F63E}"
EndProject
Global
	GlobalSection(SolutionConfigurationPlatforms) = preSolution
		Debug|Any CPU = Debug|Any CPU
		Release|Any CPU = Release|Any CPU
	EndGlobalSection
	GlobalSection(ProjectConfigurationPlatforms) = postSolution
		{C6D846BA-EFD0-44A5-A07C-6C50D264F63E}.Debug|Any CPU.ActiveCfg = Debug|Any CPU
		{C6D846BA-EFD0-44A5-A07C-6C50D264F63E}.Debug|Any CPU.Build.0 = Debug|Any CPU
		{C6D846BA-EFD0-44A5-A07C-6C50D264F63E}.Release|Any CPU.ActiveCfg = Release|Any CPU
		{C6D846BA-EFD0-44A5-A07C-6C50D264F63E}.Release|Any CPU.Build.0 = Release|Any CPU
	EndGlobalSection
	GlobalSection(SolutionProperties) = preSolution
		HideSolutionNode = FALSE
	EndGlobalSection
EndGlobal
