Microsoft Visual Studio Solution File, Format Version 12.00
# Visual Studio Version 17
VisualStudioVersion = 17.5.2.0
MinimumVisualStudioVersion = 10.0.40219.1
Project("{FAE04EC0-301F-11D3-BF4B-00C04F79EFBC}") = "dnup", "dnup.csproj", "{FE7DE2FC-400E-D3A1-8410-80BAA0C888BE}"
EndProject
Global
	GlobalSection(SolutionConfigurationPlatforms) = preSolution
		Debug|Any CPU = Debug|Any CPU
		Release|Any CPU = Release|Any CPU
	EndGlobalSection
	GlobalSection(ProjectConfigurationPlatforms) = postSolution
		{FE7DE2FC-400E-D3A1-8410-80BAA0C888BE}.Debug|Any CPU.ActiveCfg = Debug|Any CPU
		{FE7DE2FC-400E-D3A1-8410-80BAA0C888BE}.Debug|Any CPU.Build.0 = Debug|Any CPU
		{FE7DE2FC-400E-D3A1-8410-80BAA0C888BE}.Release|Any CPU.ActiveCfg = Release|Any CPU
		{FE7DE2FC-400E-D3A1-8410-80BAA0C888BE}.Release|Any CPU.Build.0 = Release|Any CPU
	EndGlobalSection
	GlobalSection(SolutionProperties) = preSolution
		HideSolutionNode = FALSE
	EndGlobalSection
	GlobalSection(ExtensibilityGlobals) = postSolution
		SolutionGuid = {CE797DD7-D006-4A3F-94F3-1ED339F75821}
	EndGlobalSection
EndGlobal
