
Microsoft Visual Studio Solution File, Format Version 12.00
# Visual Studio Version 17
VisualStudioVersion = 17.12.35322.30 main
MinimumVisualStudioVersion = 10.0.40219.1
Project("{FAE04EC0-301F-11D3-BF4B-00C04F79EFBC}") = "TestProject", "TestProject\TestProject.csproj", "{1AB73B0D-5BE7-4F1E-9F4B-A3F1D1F0E001}"
EndProject
Project("{FAE04EC0-301F-11D3-BF4B-00C04F79EFBC}") = "OtherTestProject", "OtherTestProject\OtherTestProject.csproj", "{2BC84A1E-6CF8-4A2F-AA5C-B4F2E2F1F102}"
EndProject
Global
	GlobalSection(SolutionConfigurationPlatforms) = preSolution
		Debug|Any CPU = Debug|Any CPU
		Release|Any CPU = Release|Any CPU
	EndGlobalSection
	GlobalSection(ProjectConfigurationPlatforms) = postSolution
		{1AB73B0D-5BE7-4F1E-9F4B-A3F1D1F0E001}.Debug|Any CPU.ActiveCfg = Debug|Any CPU
		{1AB73B0D-5BE7-4F1E-9F4B-A3F1D1F0E001}.Debug|Any CPU.Build.0 = Debug|Any CPU
		{1AB73B0D-5BE7-4F1E-9F4B-A3F1D1F0E001}.Release|Any CPU.ActiveCfg = Release|Any CPU
		{1AB73B0D-5BE7-4F1E-9F4B-A3F1D1F0E001}.Release|Any CPU.Build.0 = Release|Any CPU
		{2BC84A1E-6CF8-4A2F-AA5C-B4F2E2F1F102}.Debug|Any CPU.ActiveCfg = Debug|Any CPU
		{2BC84A1E-6CF8-4A2F-AA5C-B4F2E2F1F102}.Debug|Any CPU.Build.0 = Debug|Any CPU
		{2BC84A1E-6CF8-4A2F-AA5C-B4F2E2F1F102}.Release|Any CPU.ActiveCfg = Release|Any CPU
		{2BC84A1E-6CF8-4A2F-AA5C-B4F2E2F1F102}.Release|Any CPU.Build.0 = Release|Any CPU
	EndGlobalSection
	GlobalSection(SolutionProperties) = preSolution
		HideSolutionNode = FALSE
	EndGlobalSection
EndGlobal
