
Microsoft Visual Studio Solution File, Format Version 12.00
# Visual Studio Version 17
VisualStudioVersion = 17.0.31429.26
MinimumVisualStudioVersion = 10.0.40219.1
Project("{2150E333-8FDC-42A3-9474-1A3956D46DE8}") = "src", "src", "{7DAC892E-ADAE-4CEB-8A0C-EDC452A5826A}"
EndProject
Project("{2150E333-8FDC-42A3-9474-1A3956D46DE8}") = "test", "test", "{8B498D0C-F488-4B38-8A7D-B20BF9DB6F60}"
EndProject
Project("{9A19103F-16F7-4668-BE54-9A1E7A4F7556}") = "Microsoft.TemplateEngine.Core", "src\Microsoft.TemplateEngine.Core\Microsoft.TemplateEngine.Core.csproj", "{72213E25-DEA2-4A6F-9FA9-AC03F3DE7DCF}"
EndProject
Project("{9A19103F-16F7-4668-BE54-9A1E7A4F7556}") = "Microsoft.TemplateEngine.Abstractions", "src\Microsoft.TemplateEngine.Abstractions\Microsoft.TemplateEngine.Abstractions.csproj", "{0C92EDA7-492F-4CBA-9F36-61932CA5C1F4}"
EndProject
Project("{9A19103F-16F7-4668-BE54-9A1E7A4F7556}") = "Microsoft.TemplateEngine.Orchestrator.RunnableProjects", "src\Microsoft.TemplateEngine.Orchestrator.RunnableProjects\Microsoft.TemplateEngine.Orchestrator.RunnableProjects.csproj", "{578CE255-E412-4CC7-9A03-1EDCA522DA27}"
EndProject
Project("{9A19103F-16F7-4668-BE54-9A1E7A4F7556}") = "Microsoft.TemplateEngine.Core.UnitTests", "test\Microsoft.TemplateEngine.Core.UnitTests\Microsoft.TemplateEngine.Core.UnitTests.csproj", "{62BD1600-18A2-400E-94F5-C33BBD67CA97}"
EndProject
Project("{9A19103F-16F7-4668-BE54-9A1E7A4F7556}") = "Microsoft.TemplateEngine.Edge", "src\Microsoft.TemplateEngine.Edge\Microsoft.TemplateEngine.Edge.csproj", "{E22B59BD-A658-4E32-9407-C8D9570B9FDF}"
EndProject
Project("{9A19103F-16F7-4668-BE54-9A1E7A4F7556}") = "Microsoft.TemplateEngine.Utils", "src\Microsoft.TemplateEngine.Utils\Microsoft.TemplateEngine.Utils.csproj", "{A86924AE-4B77-47A8-A690-EDA395F075A9}"
EndProject
Project("{9A19103F-16F7-4668-BE54-9A1E7A4F7556}") = "Microsoft.TemplateEngine.Core.Contracts", "src\Microsoft.TemplateEngine.Core.Contracts\Microsoft.TemplateEngine.Core.Contracts.csproj", "{9FCFAD2A-061E-4FC0-848E-F0E8AA03676D}"
EndProject
Project("{9A19103F-16F7-4668-BE54-9A1E7A4F7556}") = "Microsoft.TemplateEngine.Utils.UnitTests", "test\Microsoft.TemplateEngine.Utils.UnitTests\Microsoft.TemplateEngine.Utils.UnitTests.csproj", "{62BD1609-18A2-400E-94F5-C33BBD67CA97}"
EndProject
Project("{9A19103F-16F7-4668-BE54-9A1E7A4F7556}") = "Microsoft.TemplateEngine.Mocks", "test\Microsoft.TemplateEngine.Mocks\Microsoft.TemplateEngine.Mocks.csproj", "{865B29F0-BDBF-4CF6-A6F2-C41CD2F00A56}"
EndProject
Project("{9A19103F-16F7-4668-BE54-9A1E7A4F7556}") = "Microsoft.TemplateEngine.Orchestrator.RunnableProjects.UnitTests", "test\Microsoft.TemplateEngine.Orchestrator.RunnableProjects.UnitTests\Microsoft.TemplateEngine.Orchestrator.RunnableProjects.UnitTests.csproj", "{D9B16B88-4B85-4208-8F1C-39DFB248250C}"
EndProject
Project("{9A19103F-16F7-4668-BE54-9A1E7A4F7556}") = "Microsoft.TemplateEngine.TestHelper", "test\Microsoft.TemplateEngine.TestHelper\Microsoft.TemplateEngine.TestHelper.csproj", "{FCB1B0F2-3067-4FE8-8A98-5EC80F38D534}"
EndProject
Project("{9A19103F-16F7-4668-BE54-9A1E7A4F7556}") = "Microsoft.TemplateEngine.IDE", "src\Microsoft.TemplateEngine.IDE\Microsoft.TemplateEngine.IDE.csproj", "{D26D7FC1-3DCD-434C-8261-63FCCEF27278}"
EndProject
Project("{9A19103F-16F7-4668-BE54-9A1E7A4F7556}") = "Microsoft.TemplateEngine.Edge.UnitTests", "test\Microsoft.TemplateEngine.Edge.UnitTests\Microsoft.TemplateEngine.Edge.UnitTests.csproj", "{C416006F-FAE9-4263-8290-81B2AA81E024}"
EndProject
Project("{9A19103F-16F7-4668-BE54-9A1E7A4F7556}") = "Microsoft.TemplateSearch.Common", "src\Microsoft.TemplateSearch.Common\Microsoft.TemplateSearch.Common.csproj", "{4DF4A1B9-F31C-49D1-8FEB-8DB37AEBDC0B}"
EndProject
Project("{9A19103F-16F7-4668-BE54-9A1E7A4F7556}") = "Microsoft.TemplateSearch.TemplateDiscovery", "tools\Microsoft.TemplateSearch.TemplateDiscovery\Microsoft.TemplateSearch.TemplateDiscovery.csproj", "{FBEBB725-F645-40DC-856C-D1BC7FB52CF3}"
EndProject
Project("{9A19103F-16F7-4668-BE54-9A1E7A4F7556}") = "Microsoft.TemplateEngine.TestTemplates", "test\Microsoft.TemplateEngine.TestTemplates\Microsoft.TemplateEngine.TestTemplates.csproj", "{FC7516FB-7F44-4786-ADF2-589EF06C2EDE}"
EndProject
Project("{9A19103F-16F7-4668-BE54-9A1E7A4F7556}") = "Microsoft.TemplateEngine.IDE.IntegrationTests", "test\Microsoft.TemplateEngine.IDE.IntegrationTests\Microsoft.TemplateEngine.IDE.IntegrationTests.csproj", "{0A4EBB7D-E75B-4589-9FB3-0CD6A0B47C78}"
EndProject
Project("{9A19103F-16F7-4668-BE54-9A1E7A4F7556}") = "Microsoft.TemplateSearch.Common.UnitTests", "test\Microsoft.TemplateSearch.Common.UnitTests\Microsoft.TemplateSearch.Common.UnitTests.csproj", "{15304624-1774-4990-A0CC-7B9DA27A8FF6}"
EndProject
Project("{9A19103F-16F7-4668-BE54-9A1E7A4F7556}") = "Microsoft.TemplateEngine.Authoring.CLI", "tools\Microsoft.TemplateEngine.Authoring.CLI\Microsoft.TemplateEngine.Authoring.CLI.csproj", "{F8C5BBAA-99E9-46BA-87C9-9FB7F388F403}"
EndProject
Project("{9A19103F-16F7-4668-BE54-9A1E7A4F7556}") = "Microsoft.TemplateEngine.TemplateLocalizer.Core", "tools\Microsoft.TemplateEngine.TemplateLocalizer.Core\Microsoft.TemplateEngine.TemplateLocalizer.Core.csproj", "{ED5D6873-220B-4F9D-A30B-B99E950F8E26}"
EndProject
Project("{9A19103F-16F7-4668-BE54-9A1E7A4F7556}") = "Microsoft.TemplateEngine.TemplateLocalizer.Core.UnitTests", "test\Microsoft.TemplateEngine.TemplateLocalizer.Core.UnitTests\Microsoft.TemplateEngine.TemplateLocalizer.Core.UnitTests.csproj", "{858B2E28-1FF8-4ED2-A356-B576BD793B71}"
EndProject
Project("{9A19103F-16F7-4668-BE54-9A1E7A4F7556}") = "Microsoft.TemplateEngine.Authoring.CLI.IntegrationTests", "test\Microsoft.TemplateEngine.Authoring.CLI.IntegrationTests\Microsoft.TemplateEngine.Authoring.CLI.IntegrationTests.csproj", "{BB38681E-BBD1-4E77-BCD5-CDB6E532B2C5}"
EndProject
Project("{9A19103F-16F7-4668-BE54-9A1E7A4F7556}") = "Microsoft.TemplateSearch.TemplateDiscovery.IntegrationTests", "test\Microsoft.TemplateSearch.TemplateDiscovery.IntegrationTests\Microsoft.TemplateSearch.TemplateDiscovery.IntegrationTests.csproj", "{B0330A2C-3F10-4C46-97DF-13D187564F70}"
EndProject
Project("{9A19103F-16F7-4668-BE54-9A1E7A4F7556}") = "Microsoft.TemplateEngine.Authoring.Tasks", "tools\Microsoft.TemplateEngine.Authoring.Tasks\Microsoft.TemplateEngine.Authoring.Tasks.csproj", "{BD758B10-A47F-4159-B9A1-997723AF7349}"
EndProject
Project("{9A19103F-16F7-4668-BE54-9A1E7A4F7556}") = "Microsoft.TemplateEngine.Authoring.Tasks.IntegrationTests", "test\Microsoft.TemplateEngine.Authoring.Tasks.IntegrationTests\Microsoft.TemplateEngine.Authoring.Tasks.IntegrationTests.csproj", "{2FFDBB61-8AE8-468B-87D3-0D907D7C2FFE}"
EndProject
Project("{2150E333-8FDC-42A3-9474-1A3956D46DE8}") = "Solution Items", "Solution Items", "{C5186341-2064-49AA-B398-CDF4302D2823}"
	ProjectSection(SolutionItems) = preProject
		.editorconfig = .editorconfig
		Directory.Build.props = Directory.Build.props
		Directory.Build.targets = Directory.Build.targets
	EndProjectSection
EndProject
Project("{2150E333-8FDC-42A3-9474-1A3956D46DE8}") = "tools", "tools", "{B794BF86-4185-4DCE-AC86-C27D5D966B9B}"
EndProject
Project("{9A19103F-16F7-4668-BE54-9A1E7A4F7556}") = "Microsoft.TemplateEngine.Authoring.TemplateVerifier", "tools\Microsoft.TemplateEngine.Authoring.TemplateVerifier\Microsoft.TemplateEngine.Authoring.TemplateVerifier.csproj", "{12764D81-61A7-437A-90B6-9F245E43F457}"
EndProject
Project("{9A19103F-16F7-4668-BE54-9A1E7A4F7556}") = "Microsoft.TemplateEngine.Authoring.TemplateVerifier.IntegrationTests", "test\Microsoft.TemplateEngine.Authoring.TemplateVerifier.IntegrationTests\Microsoft.TemplateEngine.Authoring.TemplateVerifier.IntegrationTests.csproj", "{B1DDA327-F55E-466A-AF3E-7F039B9B51A9}"
EndProject
Project("{9A19103F-16F7-4668-BE54-9A1E7A4F7556}") = "Microsoft.TemplateEngine.Authoring.TemplateVerifier.UnitTests", "test\Microsoft.TemplateEngine.Authoring.TemplateVerifier.UnitTests\Microsoft.TemplateEngine.Authoring.TemplateVerifier.UnitTests.csproj", "{D478568D-CA20-4331-9019-F585B564425E}"
EndProject
Project("{9A19103F-16F7-4668-BE54-9A1E7A4F7556}") = "Microsoft.TemplateEngine.Authoring.CLI.UnitTests", "test\Microsoft.TemplateEngine.Authoring.CLI.UnitTests\Microsoft.TemplateEngine.Authoring.CLI.UnitTests.csproj", "{E8B9226E-879F-495A-BDAD-2607844D048C}"
EndProject
Project("{2150E333-8FDC-42A3-9474-1A3956D46DE8}") = "eng", "eng", "{D190251C-5649-4DD6-A158-16D119116352}"
	ProjectSection(SolutionItems) = preProject
		eng\Versions.props = eng\Versions.props
	EndProjectSection
EndProject
Project("{2150E333-8FDC-42A3-9474-1A3956D46DE8}") = "Shared", "Shared", "{43053BC4-32B4-4404-B62D-410F367CE0CE}"
EndProject
Project("{2150E333-8FDC-42A3-9474-1A3956D46DE8}") = "Microsoft.TemplateEngine.CommandUtils", "Microsoft.TemplateEngine.CommandUtils", "{EE8CD472-D8C4-4CD0-BC84-6C305F5971AE}"
	ProjectSection(SolutionItems) = preProject
		tools\Shared\Microsoft.TemplateEngine.CommandUtils\ArgumentEscaper.cs = tools\Shared\Microsoft.TemplateEngine.CommandUtils\ArgumentEscaper.cs
		tools\Shared\Microsoft.TemplateEngine.CommandUtils\BasicCommand.cs = tools\Shared\Microsoft.TemplateEngine.CommandUtils\BasicCommand.cs
		tools\Shared\Microsoft.TemplateEngine.CommandUtils\Command.cs = tools\Shared\Microsoft.TemplateEngine.CommandUtils\Command.cs
		tools\Shared\Microsoft.TemplateEngine.CommandUtils\CommandResult.cs = tools\Shared\Microsoft.TemplateEngine.CommandUtils\CommandResult.cs
		tools\Shared\Microsoft.TemplateEngine.CommandUtils\CommandResultAssertions.cs = tools\Shared\Microsoft.TemplateEngine.CommandUtils\CommandResultAssertions.cs
		tools\Shared\Microsoft.TemplateEngine.CommandUtils\CommandResultExtensions.cs = tools\Shared\Microsoft.TemplateEngine.CommandUtils\CommandResultExtensions.cs
		tools\Shared\Microsoft.TemplateEngine.CommandUtils\DotnetCommand.cs = tools\Shared\Microsoft.TemplateEngine.CommandUtils\DotnetCommand.cs
		tools\Shared\Microsoft.TemplateEngine.CommandUtils\DotnetNewCommand.cs = tools\Shared\Microsoft.TemplateEngine.CommandUtils\DotnetNewCommand.cs
		tools\Shared\Microsoft.TemplateEngine.CommandUtils\NativeMethods.cs = tools\Shared\Microsoft.TemplateEngine.CommandUtils\NativeMethods.cs
		tools\Shared\Microsoft.TemplateEngine.CommandUtils\ProcessReaper.cs = tools\Shared\Microsoft.TemplateEngine.CommandUtils\ProcessReaper.cs
		tools\Shared\Microsoft.TemplateEngine.CommandUtils\SdkCommandSpec.cs = tools\Shared\Microsoft.TemplateEngine.CommandUtils\SdkCommandSpec.cs
		tools\Shared\Microsoft.TemplateEngine.CommandUtils\StreamForwarder.cs = tools\Shared\Microsoft.TemplateEngine.CommandUtils\StreamForwarder.cs
		tools\Shared\Microsoft.TemplateEngine.CommandUtils\TestCommand.cs = tools\Shared\Microsoft.TemplateEngine.CommandUtils\TestCommand.cs
	EndProjectSection
EndProject
Project("{9A19103F-16F7-4668-BE54-9A1E7A4F7556}") = "Microsoft.TemplateEngine.Authoring.TemplateApiVerifier", "tools\Microsoft.TemplateEngine.Authoring.TemplateApiVerifier\Microsoft.TemplateEngine.Authoring.TemplateApiVerifier.csproj", "{449B9DDA-F18C-411E-9A74-3930652BB78A}"
EndProject
Project("{2150E333-8FDC-42A3-9474-1A3956D46DE8}") = "template-samples", "template-samples", "{3A2D12C2-0455-4471-9EBB-91749BA3A60F}"
EndProject
Project("{9A19103F-16F7-4668-BE54-9A1E7A4F7556}") = "Microsoft.TemplateEngine.Samples", "dotnet-template-samples\Microsoft.TemplateEngine.Samples.csproj", "{DFB06A25-719F-4C8B-B84D-55D2D601BEF6}"
EndProject
Project("{2150E333-8FDC-42A3-9474-1A3956D46DE8}") = "template-feed", "template-feed", "{FF433F83-22C2-46E0-99B3-4FFCA5190A94}"
EndProject
Project("{9A19103F-16F7-4668-BE54-9A1E7A4F7556}") = "Microsoft.TemplateEngine.Authoring.Templates", "template_feed\Microsoft.TemplateEngine.Authoring.Templates\Microsoft.TemplateEngine.Authoring.Templates.csproj", "{1F74F8F5-99E4-47AE-8608-6D470325E81C}"
EndProject
Project("{9A19103F-16F7-4668-BE54-9A1E7A4F7556}") = "Microsoft.TemplateEngine.Authoring.Templates.IntegrationTests", "test\Microsoft.TemplateEngine.Authoring.Templates.IntegrationTests\Microsoft.TemplateEngine.Authoring.Templates.IntegrationTests.csproj", "{8651DEEB-0291-4E49-92AA-3B097DAF9D37}"
EndProject
Global
	GlobalSection(SolutionConfigurationPlatforms) = preSolution
		Debug|Any CPU = Debug|Any CPU
		Debug|x64 = Debug|x64
		Debug|x86 = Debug|x86
		Release|Any CPU = Release|Any CPU
		Release|x64 = Release|x64
		Release|x86 = Release|x86
	EndGlobalSection
	GlobalSection(ProjectConfigurationPlatforms) = postSolution
		{72213E25-DEA2-4A6F-9FA9-AC03F3DE7DCF}.Debug|Any CPU.ActiveCfg = Debug|Any CPU
		{72213E25-DEA2-4A6F-9FA9-AC03F3DE7DCF}.Debug|Any CPU.Build.0 = Debug|Any CPU
		{72213E25-DEA2-4A6F-9FA9-AC03F3DE7DCF}.Debug|x64.ActiveCfg = Debug|Any CPU
		{72213E25-DEA2-4A6F-9FA9-AC03F3DE7DCF}.Debug|x64.Build.0 = Debug|Any CPU
		{72213E25-DEA2-4A6F-9FA9-AC03F3DE7DCF}.Debug|x86.ActiveCfg = Debug|Any CPU
		{72213E25-DEA2-4A6F-9FA9-AC03F3DE7DCF}.Debug|x86.Build.0 = Debug|Any CPU
		{72213E25-DEA2-4A6F-9FA9-AC03F3DE7DCF}.Release|Any CPU.ActiveCfg = Release|Any CPU
		{72213E25-DEA2-4A6F-9FA9-AC03F3DE7DCF}.Release|Any CPU.Build.0 = Release|Any CPU
		{72213E25-DEA2-4A6F-9FA9-AC03F3DE7DCF}.Release|x64.ActiveCfg = Release|Any CPU
		{72213E25-DEA2-4A6F-9FA9-AC03F3DE7DCF}.Release|x64.Build.0 = Release|Any CPU
		{72213E25-DEA2-4A6F-9FA9-AC03F3DE7DCF}.Release|x86.ActiveCfg = Release|Any CPU
		{72213E25-DEA2-4A6F-9FA9-AC03F3DE7DCF}.Release|x86.Build.0 = Release|Any CPU
		{0C92EDA7-492F-4CBA-9F36-61932CA5C1F4}.Debug|Any CPU.ActiveCfg = Debug|Any CPU
		{0C92EDA7-492F-4CBA-9F36-61932CA5C1F4}.Debug|Any CPU.Build.0 = Debug|Any CPU
		{0C92EDA7-492F-4CBA-9F36-61932CA5C1F4}.Debug|x64.ActiveCfg = Debug|Any CPU
		{0C92EDA7-492F-4CBA-9F36-61932CA5C1F4}.Debug|x64.Build.0 = Debug|Any CPU
		{0C92EDA7-492F-4CBA-9F36-61932CA5C1F4}.Debug|x86.ActiveCfg = Debug|Any CPU
		{0C92EDA7-492F-4CBA-9F36-61932CA5C1F4}.Debug|x86.Build.0 = Debug|Any CPU
		{0C92EDA7-492F-4CBA-9F36-61932CA5C1F4}.Release|Any CPU.ActiveCfg = Release|Any CPU
		{0C92EDA7-492F-4CBA-9F36-61932CA5C1F4}.Release|Any CPU.Build.0 = Release|Any CPU
		{0C92EDA7-492F-4CBA-9F36-61932CA5C1F4}.Release|x64.ActiveCfg = Release|Any CPU
		{0C92EDA7-492F-4CBA-9F36-61932CA5C1F4}.Release|x64.Build.0 = Release|Any CPU
		{0C92EDA7-492F-4CBA-9F36-61932CA5C1F4}.Release|x86.ActiveCfg = Release|Any CPU
		{0C92EDA7-492F-4CBA-9F36-61932CA5C1F4}.Release|x86.Build.0 = Release|Any CPU
		{578CE255-E412-4CC7-9A03-1EDCA522DA27}.Debug|Any CPU.ActiveCfg = Debug|Any CPU
		{578CE255-E412-4CC7-9A03-1EDCA522DA27}.Debug|Any CPU.Build.0 = Debug|Any CPU
		{578CE255-E412-4CC7-9A03-1EDCA522DA27}.Debug|x64.ActiveCfg = Debug|Any CPU
		{578CE255-E412-4CC7-9A03-1EDCA522DA27}.Debug|x64.Build.0 = Debug|Any CPU
		{578CE255-E412-4CC7-9A03-1EDCA522DA27}.Debug|x86.ActiveCfg = Debug|Any CPU
		{578CE255-E412-4CC7-9A03-1EDCA522DA27}.Debug|x86.Build.0 = Debug|Any CPU
		{578CE255-E412-4CC7-9A03-1EDCA522DA27}.Release|Any CPU.ActiveCfg = Release|Any CPU
		{578CE255-E412-4CC7-9A03-1EDCA522DA27}.Release|Any CPU.Build.0 = Release|Any CPU
		{578CE255-E412-4CC7-9A03-1EDCA522DA27}.Release|x64.ActiveCfg = Release|Any CPU
		{578CE255-E412-4CC7-9A03-1EDCA522DA27}.Release|x64.Build.0 = Release|Any CPU
		{578CE255-E412-4CC7-9A03-1EDCA522DA27}.Release|x86.ActiveCfg = Release|Any CPU
		{578CE255-E412-4CC7-9A03-1EDCA522DA27}.Release|x86.Build.0 = Release|Any CPU
		{62BD1600-18A2-400E-94F5-C33BBD67CA97}.Debug|Any CPU.ActiveCfg = Debug|Any CPU
		{62BD1600-18A2-400E-94F5-C33BBD67CA97}.Debug|Any CPU.Build.0 = Debug|Any CPU
		{62BD1600-18A2-400E-94F5-C33BBD67CA97}.Debug|x64.ActiveCfg = Debug|Any CPU
		{62BD1600-18A2-400E-94F5-C33BBD67CA97}.Debug|x64.Build.0 = Debug|Any CPU
		{62BD1600-18A2-400E-94F5-C33BBD67CA97}.Debug|x86.ActiveCfg = Debug|Any CPU
		{62BD1600-18A2-400E-94F5-C33BBD67CA97}.Debug|x86.Build.0 = Debug|Any CPU
		{62BD1600-18A2-400E-94F5-C33BBD67CA97}.Release|Any CPU.ActiveCfg = Release|Any CPU
		{62BD1600-18A2-400E-94F5-C33BBD67CA97}.Release|Any CPU.Build.0 = Release|Any CPU
		{62BD1600-18A2-400E-94F5-C33BBD67CA97}.Release|x64.ActiveCfg = Release|Any CPU
		{62BD1600-18A2-400E-94F5-C33BBD67CA97}.Release|x64.Build.0 = Release|Any CPU
		{62BD1600-18A2-400E-94F5-C33BBD67CA97}.Release|x86.ActiveCfg = Release|Any CPU
		{62BD1600-18A2-400E-94F5-C33BBD67CA97}.Release|x86.Build.0 = Release|Any CPU
		{E22B59BD-A658-4E32-9407-C8D9570B9FDF}.Debug|Any CPU.ActiveCfg = Debug|Any CPU
		{E22B59BD-A658-4E32-9407-C8D9570B9FDF}.Debug|Any CPU.Build.0 = Debug|Any CPU
		{E22B59BD-A658-4E32-9407-C8D9570B9FDF}.Debug|x64.ActiveCfg = Debug|Any CPU
		{E22B59BD-A658-4E32-9407-C8D9570B9FDF}.Debug|x64.Build.0 = Debug|Any CPU
		{E22B59BD-A658-4E32-9407-C8D9570B9FDF}.Debug|x86.ActiveCfg = Debug|Any CPU
		{E22B59BD-A658-4E32-9407-C8D9570B9FDF}.Debug|x86.Build.0 = Debug|Any CPU
		{E22B59BD-A658-4E32-9407-C8D9570B9FDF}.Release|Any CPU.ActiveCfg = Release|Any CPU
		{E22B59BD-A658-4E32-9407-C8D9570B9FDF}.Release|Any CPU.Build.0 = Release|Any CPU
		{E22B59BD-A658-4E32-9407-C8D9570B9FDF}.Release|x64.ActiveCfg = Release|Any CPU
		{E22B59BD-A658-4E32-9407-C8D9570B9FDF}.Release|x64.Build.0 = Release|Any CPU
		{E22B59BD-A658-4E32-9407-C8D9570B9FDF}.Release|x86.ActiveCfg = Release|Any CPU
		{E22B59BD-A658-4E32-9407-C8D9570B9FDF}.Release|x86.Build.0 = Release|Any CPU
		{A86924AE-4B77-47A8-A690-EDA395F075A9}.Debug|Any CPU.ActiveCfg = Debug|Any CPU
		{A86924AE-4B77-47A8-A690-EDA395F075A9}.Debug|Any CPU.Build.0 = Debug|Any CPU
		{A86924AE-4B77-47A8-A690-EDA395F075A9}.Debug|x64.ActiveCfg = Debug|Any CPU
		{A86924AE-4B77-47A8-A690-EDA395F075A9}.Debug|x64.Build.0 = Debug|Any CPU
		{A86924AE-4B77-47A8-A690-EDA395F075A9}.Debug|x86.ActiveCfg = Debug|Any CPU
		{A86924AE-4B77-47A8-A690-EDA395F075A9}.Debug|x86.Build.0 = Debug|Any CPU
		{A86924AE-4B77-47A8-A690-EDA395F075A9}.Release|Any CPU.ActiveCfg = Release|Any CPU
		{A86924AE-4B77-47A8-A690-EDA395F075A9}.Release|Any CPU.Build.0 = Release|Any CPU
		{A86924AE-4B77-47A8-A690-EDA395F075A9}.Release|x64.ActiveCfg = Release|Any CPU
		{A86924AE-4B77-47A8-A690-EDA395F075A9}.Release|x64.Build.0 = Release|Any CPU
		{A86924AE-4B77-47A8-A690-EDA395F075A9}.Release|x86.ActiveCfg = Release|Any CPU
		{A86924AE-4B77-47A8-A690-EDA395F075A9}.Release|x86.Build.0 = Release|Any CPU
		{9FCFAD2A-061E-4FC0-848E-F0E8AA03676D}.Debug|Any CPU.ActiveCfg = Debug|Any CPU
		{9FCFAD2A-061E-4FC0-848E-F0E8AA03676D}.Debug|Any CPU.Build.0 = Debug|Any CPU
		{9FCFAD2A-061E-4FC0-848E-F0E8AA03676D}.Debug|x64.ActiveCfg = Debug|Any CPU
		{9FCFAD2A-061E-4FC0-848E-F0E8AA03676D}.Debug|x64.Build.0 = Debug|Any CPU
		{9FCFAD2A-061E-4FC0-848E-F0E8AA03676D}.Debug|x86.ActiveCfg = Debug|Any CPU
		{9FCFAD2A-061E-4FC0-848E-F0E8AA03676D}.Debug|x86.Build.0 = Debug|Any CPU
		{9FCFAD2A-061E-4FC0-848E-F0E8AA03676D}.Release|Any CPU.ActiveCfg = Release|Any CPU
		{9FCFAD2A-061E-4FC0-848E-F0E8AA03676D}.Release|Any CPU.Build.0 = Release|Any CPU
		{9FCFAD2A-061E-4FC0-848E-F0E8AA03676D}.Release|x64.ActiveCfg = Release|Any CPU
		{9FCFAD2A-061E-4FC0-848E-F0E8AA03676D}.Release|x64.Build.0 = Release|Any CPU
		{9FCFAD2A-061E-4FC0-848E-F0E8AA03676D}.Release|x86.ActiveCfg = Release|Any CPU
		{9FCFAD2A-061E-4FC0-848E-F0E8AA03676D}.Release|x86.Build.0 = Release|Any CPU
		{62BD1609-18A2-400E-94F5-C33BBD67CA97}.Debug|Any CPU.ActiveCfg = Debug|Any CPU
		{62BD1609-18A2-400E-94F5-C33BBD67CA97}.Debug|Any CPU.Build.0 = Debug|Any CPU
		{62BD1609-18A2-400E-94F5-C33BBD67CA97}.Debug|x64.ActiveCfg = Debug|Any CPU
		{62BD1609-18A2-400E-94F5-C33BBD67CA97}.Debug|x64.Build.0 = Debug|Any CPU
		{62BD1609-18A2-400E-94F5-C33BBD67CA97}.Debug|x86.ActiveCfg = Debug|Any CPU
		{62BD1609-18A2-400E-94F5-C33BBD67CA97}.Debug|x86.Build.0 = Debug|Any CPU
		{62BD1609-18A2-400E-94F5-C33BBD67CA97}.Release|Any CPU.ActiveCfg = Release|Any CPU
		{62BD1609-18A2-400E-94F5-C33BBD67CA97}.Release|Any CPU.Build.0 = Release|Any CPU
		{62BD1609-18A2-400E-94F5-C33BBD67CA97}.Release|x64.ActiveCfg = Release|Any CPU
		{62BD1609-18A2-400E-94F5-C33BBD67CA97}.Release|x64.Build.0 = Release|Any CPU
		{62BD1609-18A2-400E-94F5-C33BBD67CA97}.Release|x86.ActiveCfg = Release|Any CPU
		{62BD1609-18A2-400E-94F5-C33BBD67CA97}.Release|x86.Build.0 = Release|Any CPU
		{865B29F0-BDBF-4CF6-A6F2-C41CD2F00A56}.Debug|Any CPU.ActiveCfg = Debug|Any CPU
		{865B29F0-BDBF-4CF6-A6F2-C41CD2F00A56}.Debug|Any CPU.Build.0 = Debug|Any CPU
		{865B29F0-BDBF-4CF6-A6F2-C41CD2F00A56}.Debug|x64.ActiveCfg = Debug|Any CPU
		{865B29F0-BDBF-4CF6-A6F2-C41CD2F00A56}.Debug|x64.Build.0 = Debug|Any CPU
		{865B29F0-BDBF-4CF6-A6F2-C41CD2F00A56}.Debug|x86.ActiveCfg = Debug|Any CPU
		{865B29F0-BDBF-4CF6-A6F2-C41CD2F00A56}.Debug|x86.Build.0 = Debug|Any CPU
		{865B29F0-BDBF-4CF6-A6F2-C41CD2F00A56}.Release|Any CPU.ActiveCfg = Release|Any CPU
		{865B29F0-BDBF-4CF6-A6F2-C41CD2F00A56}.Release|Any CPU.Build.0 = Release|Any CPU
		{865B29F0-BDBF-4CF6-A6F2-C41CD2F00A56}.Release|x64.ActiveCfg = Release|Any CPU
		{865B29F0-BDBF-4CF6-A6F2-C41CD2F00A56}.Release|x64.Build.0 = Release|Any CPU
		{865B29F0-BDBF-4CF6-A6F2-C41CD2F00A56}.Release|x86.ActiveCfg = Release|Any CPU
		{865B29F0-BDBF-4CF6-A6F2-C41CD2F00A56}.Release|x86.Build.0 = Release|Any CPU
		{D9B16B88-4B85-4208-8F1C-39DFB248250C}.Debug|Any CPU.ActiveCfg = Debug|Any CPU
		{D9B16B88-4B85-4208-8F1C-39DFB248250C}.Debug|Any CPU.Build.0 = Debug|Any CPU
		{D9B16B88-4B85-4208-8F1C-39DFB248250C}.Debug|x64.ActiveCfg = Debug|Any CPU
		{D9B16B88-4B85-4208-8F1C-39DFB248250C}.Debug|x64.Build.0 = Debug|Any CPU
		{D9B16B88-4B85-4208-8F1C-39DFB248250C}.Debug|x86.ActiveCfg = Debug|Any CPU
		{D9B16B88-4B85-4208-8F1C-39DFB248250C}.Debug|x86.Build.0 = Debug|Any CPU
		{D9B16B88-4B85-4208-8F1C-39DFB248250C}.Release|Any CPU.ActiveCfg = Release|Any CPU
		{D9B16B88-4B85-4208-8F1C-39DFB248250C}.Release|Any CPU.Build.0 = Release|Any CPU
		{D9B16B88-4B85-4208-8F1C-39DFB248250C}.Release|x64.ActiveCfg = Release|Any CPU
		{D9B16B88-4B85-4208-8F1C-39DFB248250C}.Release|x64.Build.0 = Release|Any CPU
		{D9B16B88-4B85-4208-8F1C-39DFB248250C}.Release|x86.ActiveCfg = Release|Any CPU
		{D9B16B88-4B85-4208-8F1C-39DFB248250C}.Release|x86.Build.0 = Release|Any CPU
		{FCB1B0F2-3067-4FE8-8A98-5EC80F38D534}.Debug|Any CPU.ActiveCfg = Debug|Any CPU
		{FCB1B0F2-3067-4FE8-8A98-5EC80F38D534}.Debug|Any CPU.Build.0 = Debug|Any CPU
		{FCB1B0F2-3067-4FE8-8A98-5EC80F38D534}.Debug|x64.ActiveCfg = Debug|Any CPU
		{FCB1B0F2-3067-4FE8-8A98-5EC80F38D534}.Debug|x64.Build.0 = Debug|Any CPU
		{FCB1B0F2-3067-4FE8-8A98-5EC80F38D534}.Debug|x86.ActiveCfg = Debug|Any CPU
		{FCB1B0F2-3067-4FE8-8A98-5EC80F38D534}.Debug|x86.Build.0 = Debug|Any CPU
		{FCB1B0F2-3067-4FE8-8A98-5EC80F38D534}.Release|Any CPU.ActiveCfg = Release|Any CPU
		{FCB1B0F2-3067-4FE8-8A98-5EC80F38D534}.Release|Any CPU.Build.0 = Release|Any CPU
		{FCB1B0F2-3067-4FE8-8A98-5EC80F38D534}.Release|x64.ActiveCfg = Release|Any CPU
		{FCB1B0F2-3067-4FE8-8A98-5EC80F38D534}.Release|x64.Build.0 = Release|Any CPU
		{FCB1B0F2-3067-4FE8-8A98-5EC80F38D534}.Release|x86.ActiveCfg = Release|Any CPU
		{FCB1B0F2-3067-4FE8-8A98-5EC80F38D534}.Release|x86.Build.0 = Release|Any CPU
		{D26D7FC1-3DCD-434C-8261-63FCCEF27278}.Debug|Any CPU.ActiveCfg = Debug|Any CPU
		{D26D7FC1-3DCD-434C-8261-63FCCEF27278}.Debug|Any CPU.Build.0 = Debug|Any CPU
		{D26D7FC1-3DCD-434C-8261-63FCCEF27278}.Debug|x64.ActiveCfg = Debug|Any CPU
		{D26D7FC1-3DCD-434C-8261-63FCCEF27278}.Debug|x64.Build.0 = Debug|Any CPU
		{D26D7FC1-3DCD-434C-8261-63FCCEF27278}.Debug|x86.ActiveCfg = Debug|Any CPU
		{D26D7FC1-3DCD-434C-8261-63FCCEF27278}.Debug|x86.Build.0 = Debug|Any CPU
		{D26D7FC1-3DCD-434C-8261-63FCCEF27278}.Release|Any CPU.ActiveCfg = Release|Any CPU
		{D26D7FC1-3DCD-434C-8261-63FCCEF27278}.Release|Any CPU.Build.0 = Release|Any CPU
		{D26D7FC1-3DCD-434C-8261-63FCCEF27278}.Release|x64.ActiveCfg = Release|Any CPU
		{D26D7FC1-3DCD-434C-8261-63FCCEF27278}.Release|x64.Build.0 = Release|Any CPU
		{D26D7FC1-3DCD-434C-8261-63FCCEF27278}.Release|x86.ActiveCfg = Release|Any CPU
		{D26D7FC1-3DCD-434C-8261-63FCCEF27278}.Release|x86.Build.0 = Release|Any CPU
		{C416006F-FAE9-4263-8290-81B2AA81E024}.Debug|Any CPU.ActiveCfg = Debug|Any CPU
		{C416006F-FAE9-4263-8290-81B2AA81E024}.Debug|Any CPU.Build.0 = Debug|Any CPU
		{C416006F-FAE9-4263-8290-81B2AA81E024}.Debug|x64.ActiveCfg = Debug|Any CPU
		{C416006F-FAE9-4263-8290-81B2AA81E024}.Debug|x64.Build.0 = Debug|Any CPU
		{C416006F-FAE9-4263-8290-81B2AA81E024}.Debug|x86.ActiveCfg = Debug|Any CPU
		{C416006F-FAE9-4263-8290-81B2AA81E024}.Debug|x86.Build.0 = Debug|Any CPU
		{C416006F-FAE9-4263-8290-81B2AA81E024}.Release|Any CPU.ActiveCfg = Release|Any CPU
		{C416006F-FAE9-4263-8290-81B2AA81E024}.Release|Any CPU.Build.0 = Release|Any CPU
		{C416006F-FAE9-4263-8290-81B2AA81E024}.Release|x64.ActiveCfg = Release|Any CPU
		{C416006F-FAE9-4263-8290-81B2AA81E024}.Release|x64.Build.0 = Release|Any CPU
		{C416006F-FAE9-4263-8290-81B2AA81E024}.Release|x86.ActiveCfg = Release|Any CPU
		{C416006F-FAE9-4263-8290-81B2AA81E024}.Release|x86.Build.0 = Release|Any CPU
		{4DF4A1B9-F31C-49D1-8FEB-8DB37AEBDC0B}.Debug|Any CPU.ActiveCfg = Debug|Any CPU
		{4DF4A1B9-F31C-49D1-8FEB-8DB37AEBDC0B}.Debug|Any CPU.Build.0 = Debug|Any CPU
		{4DF4A1B9-F31C-49D1-8FEB-8DB37AEBDC0B}.Debug|x64.ActiveCfg = Debug|Any CPU
		{4DF4A1B9-F31C-49D1-8FEB-8DB37AEBDC0B}.Debug|x64.Build.0 = Debug|Any CPU
		{4DF4A1B9-F31C-49D1-8FEB-8DB37AEBDC0B}.Debug|x86.ActiveCfg = Debug|Any CPU
		{4DF4A1B9-F31C-49D1-8FEB-8DB37AEBDC0B}.Debug|x86.Build.0 = Debug|Any CPU
		{4DF4A1B9-F31C-49D1-8FEB-8DB37AEBDC0B}.Release|Any CPU.ActiveCfg = Release|Any CPU
		{4DF4A1B9-F31C-49D1-8FEB-8DB37AEBDC0B}.Release|Any CPU.Build.0 = Release|Any CPU
		{4DF4A1B9-F31C-49D1-8FEB-8DB37AEBDC0B}.Release|x64.ActiveCfg = Release|Any CPU
		{4DF4A1B9-F31C-49D1-8FEB-8DB37AEBDC0B}.Release|x64.Build.0 = Release|Any CPU
		{4DF4A1B9-F31C-49D1-8FEB-8DB37AEBDC0B}.Release|x86.ActiveCfg = Release|Any CPU
		{4DF4A1B9-F31C-49D1-8FEB-8DB37AEBDC0B}.Release|x86.Build.0 = Release|Any CPU
		{FBEBB725-F645-40DC-856C-D1BC7FB52CF3}.Debug|Any CPU.ActiveCfg = Debug|Any CPU
		{FBEBB725-F645-40DC-856C-D1BC7FB52CF3}.Debug|Any CPU.Build.0 = Debug|Any CPU
		{FBEBB725-F645-40DC-856C-D1BC7FB52CF3}.Debug|x64.ActiveCfg = Debug|Any CPU
		{FBEBB725-F645-40DC-856C-D1BC7FB52CF3}.Debug|x64.Build.0 = Debug|Any CPU
		{FBEBB725-F645-40DC-856C-D1BC7FB52CF3}.Debug|x86.ActiveCfg = Debug|Any CPU
		{FBEBB725-F645-40DC-856C-D1BC7FB52CF3}.Debug|x86.Build.0 = Debug|Any CPU
		{FBEBB725-F645-40DC-856C-D1BC7FB52CF3}.Release|Any CPU.ActiveCfg = Release|Any CPU
		{FBEBB725-F645-40DC-856C-D1BC7FB52CF3}.Release|Any CPU.Build.0 = Release|Any CPU
		{FBEBB725-F645-40DC-856C-D1BC7FB52CF3}.Release|x64.ActiveCfg = Release|Any CPU
		{FBEBB725-F645-40DC-856C-D1BC7FB52CF3}.Release|x64.Build.0 = Release|Any CPU
		{FBEBB725-F645-40DC-856C-D1BC7FB52CF3}.Release|x86.ActiveCfg = Release|Any CPU
		{FBEBB725-F645-40DC-856C-D1BC7FB52CF3}.Release|x86.Build.0 = Release|Any CPU
		{FC7516FB-7F44-4786-ADF2-589EF06C2EDE}.Debug|Any CPU.ActiveCfg = Debug|Any CPU
		{FC7516FB-7F44-4786-ADF2-589EF06C2EDE}.Debug|Any CPU.Build.0 = Debug|Any CPU
		{FC7516FB-7F44-4786-ADF2-589EF06C2EDE}.Debug|x64.ActiveCfg = Debug|Any CPU
		{FC7516FB-7F44-4786-ADF2-589EF06C2EDE}.Debug|x64.Build.0 = Debug|Any CPU
		{FC7516FB-7F44-4786-ADF2-589EF06C2EDE}.Debug|x86.ActiveCfg = Debug|Any CPU
		{FC7516FB-7F44-4786-ADF2-589EF06C2EDE}.Debug|x86.Build.0 = Debug|Any CPU
		{FC7516FB-7F44-4786-ADF2-589EF06C2EDE}.Release|Any CPU.ActiveCfg = Release|Any CPU
		{FC7516FB-7F44-4786-ADF2-589EF06C2EDE}.Release|Any CPU.Build.0 = Release|Any CPU
		{FC7516FB-7F44-4786-ADF2-589EF06C2EDE}.Release|x64.ActiveCfg = Release|Any CPU
		{FC7516FB-7F44-4786-ADF2-589EF06C2EDE}.Release|x64.Build.0 = Release|Any CPU
		{FC7516FB-7F44-4786-ADF2-589EF06C2EDE}.Release|x86.ActiveCfg = Release|Any CPU
		{FC7516FB-7F44-4786-ADF2-589EF06C2EDE}.Release|x86.Build.0 = Release|Any CPU
		{0A4EBB7D-E75B-4589-9FB3-0CD6A0B47C78}.Debug|Any CPU.ActiveCfg = Debug|Any CPU
		{0A4EBB7D-E75B-4589-9FB3-0CD6A0B47C78}.Debug|Any CPU.Build.0 = Debug|Any CPU
		{0A4EBB7D-E75B-4589-9FB3-0CD6A0B47C78}.Debug|x64.ActiveCfg = Debug|Any CPU
		{0A4EBB7D-E75B-4589-9FB3-0CD6A0B47C78}.Debug|x64.Build.0 = Debug|Any CPU
		{0A4EBB7D-E75B-4589-9FB3-0CD6A0B47C78}.Debug|x86.ActiveCfg = Debug|Any CPU
		{0A4EBB7D-E75B-4589-9FB3-0CD6A0B47C78}.Debug|x86.Build.0 = Debug|Any CPU
		{0A4EBB7D-E75B-4589-9FB3-0CD6A0B47C78}.Release|Any CPU.ActiveCfg = Release|Any CPU
		{0A4EBB7D-E75B-4589-9FB3-0CD6A0B47C78}.Release|Any CPU.Build.0 = Release|Any CPU
		{0A4EBB7D-E75B-4589-9FB3-0CD6A0B47C78}.Release|x64.ActiveCfg = Release|Any CPU
		{0A4EBB7D-E75B-4589-9FB3-0CD6A0B47C78}.Release|x64.Build.0 = Release|Any CPU
		{0A4EBB7D-E75B-4589-9FB3-0CD6A0B47C78}.Release|x86.ActiveCfg = Release|Any CPU
		{0A4EBB7D-E75B-4589-9FB3-0CD6A0B47C78}.Release|x86.Build.0 = Release|Any CPU
		{15304624-1774-4990-A0CC-7B9DA27A8FF6}.Debug|Any CPU.ActiveCfg = Debug|Any CPU
		{15304624-1774-4990-A0CC-7B9DA27A8FF6}.Debug|Any CPU.Build.0 = Debug|Any CPU
		{15304624-1774-4990-A0CC-7B9DA27A8FF6}.Debug|x64.ActiveCfg = Debug|Any CPU
		{15304624-1774-4990-A0CC-7B9DA27A8FF6}.Debug|x64.Build.0 = Debug|Any CPU
		{15304624-1774-4990-A0CC-7B9DA27A8FF6}.Debug|x86.ActiveCfg = Debug|Any CPU
		{15304624-1774-4990-A0CC-7B9DA27A8FF6}.Debug|x86.Build.0 = Debug|Any CPU
		{15304624-1774-4990-A0CC-7B9DA27A8FF6}.Release|Any CPU.ActiveCfg = Release|Any CPU
		{15304624-1774-4990-A0CC-7B9DA27A8FF6}.Release|Any CPU.Build.0 = Release|Any CPU
		{15304624-1774-4990-A0CC-7B9DA27A8FF6}.Release|x64.ActiveCfg = Release|Any CPU
		{15304624-1774-4990-A0CC-7B9DA27A8FF6}.Release|x64.Build.0 = Release|Any CPU
		{15304624-1774-4990-A0CC-7B9DA27A8FF6}.Release|x86.ActiveCfg = Release|Any CPU
		{15304624-1774-4990-A0CC-7B9DA27A8FF6}.Release|x86.Build.0 = Release|Any CPU
		{F8C5BBAA-99E9-46BA-87C9-9FB7F388F403}.Debug|Any CPU.ActiveCfg = Debug|Any CPU
		{F8C5BBAA-99E9-46BA-87C9-9FB7F388F403}.Debug|Any CPU.Build.0 = Debug|Any CPU
		{F8C5BBAA-99E9-46BA-87C9-9FB7F388F403}.Debug|x64.ActiveCfg = Debug|Any CPU
		{F8C5BBAA-99E9-46BA-87C9-9FB7F388F403}.Debug|x64.Build.0 = Debug|Any CPU
		{F8C5BBAA-99E9-46BA-87C9-9FB7F388F403}.Debug|x86.ActiveCfg = Debug|Any CPU
		{F8C5BBAA-99E9-46BA-87C9-9FB7F388F403}.Debug|x86.Build.0 = Debug|Any CPU
		{F8C5BBAA-99E9-46BA-87C9-9FB7F388F403}.Release|Any CPU.ActiveCfg = Release|Any CPU
		{F8C5BBAA-99E9-46BA-87C9-9FB7F388F403}.Release|Any CPU.Build.0 = Release|Any CPU
		{F8C5BBAA-99E9-46BA-87C9-9FB7F388F403}.Release|x64.ActiveCfg = Release|Any CPU
		{F8C5BBAA-99E9-46BA-87C9-9FB7F388F403}.Release|x64.Build.0 = Release|Any CPU
		{F8C5BBAA-99E9-46BA-87C9-9FB7F388F403}.Release|x86.ActiveCfg = Release|Any CPU
		{F8C5BBAA-99E9-46BA-87C9-9FB7F388F403}.Release|x86.Build.0 = Release|Any CPU
		{ED5D6873-220B-4F9D-A30B-B99E950F8E26}.Debug|Any CPU.ActiveCfg = Debug|Any CPU
		{ED5D6873-220B-4F9D-A30B-B99E950F8E26}.Debug|Any CPU.Build.0 = Debug|Any CPU
		{ED5D6873-220B-4F9D-A30B-B99E950F8E26}.Debug|x64.ActiveCfg = Debug|Any CPU
		{ED5D6873-220B-4F9D-A30B-B99E950F8E26}.Debug|x64.Build.0 = Debug|Any CPU
		{ED5D6873-220B-4F9D-A30B-B99E950F8E26}.Debug|x86.ActiveCfg = Debug|Any CPU
		{ED5D6873-220B-4F9D-A30B-B99E950F8E26}.Debug|x86.Build.0 = Debug|Any CPU
		{ED5D6873-220B-4F9D-A30B-B99E950F8E26}.Release|Any CPU.ActiveCfg = Release|Any CPU
		{ED5D6873-220B-4F9D-A30B-B99E950F8E26}.Release|Any CPU.Build.0 = Release|Any CPU
		{ED5D6873-220B-4F9D-A30B-B99E950F8E26}.Release|x64.ActiveCfg = Release|Any CPU
		{ED5D6873-220B-4F9D-A30B-B99E950F8E26}.Release|x64.Build.0 = Release|Any CPU
		{ED5D6873-220B-4F9D-A30B-B99E950F8E26}.Release|x86.ActiveCfg = Release|Any CPU
		{ED5D6873-220B-4F9D-A30B-B99E950F8E26}.Release|x86.Build.0 = Release|Any CPU
		{858B2E28-1FF8-4ED2-A356-B576BD793B71}.Debug|Any CPU.ActiveCfg = Debug|Any CPU
		{858B2E28-1FF8-4ED2-A356-B576BD793B71}.Debug|Any CPU.Build.0 = Debug|Any CPU
		{858B2E28-1FF8-4ED2-A356-B576BD793B71}.Debug|x64.ActiveCfg = Debug|Any CPU
		{858B2E28-1FF8-4ED2-A356-B576BD793B71}.Debug|x64.Build.0 = Debug|Any CPU
		{858B2E28-1FF8-4ED2-A356-B576BD793B71}.Debug|x86.ActiveCfg = Debug|Any CPU
		{858B2E28-1FF8-4ED2-A356-B576BD793B71}.Debug|x86.Build.0 = Debug|Any CPU
		{858B2E28-1FF8-4ED2-A356-B576BD793B71}.Release|Any CPU.ActiveCfg = Release|Any CPU
		{858B2E28-1FF8-4ED2-A356-B576BD793B71}.Release|Any CPU.Build.0 = Release|Any CPU
		{858B2E28-1FF8-4ED2-A356-B576BD793B71}.Release|x64.ActiveCfg = Release|Any CPU
		{858B2E28-1FF8-4ED2-A356-B576BD793B71}.Release|x64.Build.0 = Release|Any CPU
		{858B2E28-1FF8-4ED2-A356-B576BD793B71}.Release|x86.ActiveCfg = Release|Any CPU
		{858B2E28-1FF8-4ED2-A356-B576BD793B71}.Release|x86.Build.0 = Release|Any CPU
		{BB38681E-BBD1-4E77-BCD5-CDB6E532B2C5}.Debug|Any CPU.ActiveCfg = Debug|Any CPU
		{BB38681E-BBD1-4E77-BCD5-CDB6E532B2C5}.Debug|Any CPU.Build.0 = Debug|Any CPU
		{BB38681E-BBD1-4E77-BCD5-CDB6E532B2C5}.Debug|x64.ActiveCfg = Debug|Any CPU
		{BB38681E-BBD1-4E77-BCD5-CDB6E532B2C5}.Debug|x64.Build.0 = Debug|Any CPU
		{BB38681E-BBD1-4E77-BCD5-CDB6E532B2C5}.Debug|x86.ActiveCfg = Debug|Any CPU
		{BB38681E-BBD1-4E77-BCD5-CDB6E532B2C5}.Debug|x86.Build.0 = Debug|Any CPU
		{BB38681E-BBD1-4E77-BCD5-CDB6E532B2C5}.Release|Any CPU.ActiveCfg = Release|Any CPU
		{BB38681E-BBD1-4E77-BCD5-CDB6E532B2C5}.Release|Any CPU.Build.0 = Release|Any CPU
		{BB38681E-BBD1-4E77-BCD5-CDB6E532B2C5}.Release|x64.ActiveCfg = Release|Any CPU
		{BB38681E-BBD1-4E77-BCD5-CDB6E532B2C5}.Release|x64.Build.0 = Release|Any CPU
		{BB38681E-BBD1-4E77-BCD5-CDB6E532B2C5}.Release|x86.ActiveCfg = Release|Any CPU
		{BB38681E-BBD1-4E77-BCD5-CDB6E532B2C5}.Release|x86.Build.0 = Release|Any CPU
		{B0330A2C-3F10-4C46-97DF-13D187564F70}.Debug|Any CPU.ActiveCfg = Debug|Any CPU
		{B0330A2C-3F10-4C46-97DF-13D187564F70}.Debug|Any CPU.Build.0 = Debug|Any CPU
		{B0330A2C-3F10-4C46-97DF-13D187564F70}.Debug|x64.ActiveCfg = Debug|Any CPU
		{B0330A2C-3F10-4C46-97DF-13D187564F70}.Debug|x64.Build.0 = Debug|Any CPU
		{B0330A2C-3F10-4C46-97DF-13D187564F70}.Debug|x86.ActiveCfg = Debug|Any CPU
		{B0330A2C-3F10-4C46-97DF-13D187564F70}.Debug|x86.Build.0 = Debug|Any CPU
		{B0330A2C-3F10-4C46-97DF-13D187564F70}.Release|Any CPU.ActiveCfg = Release|Any CPU
		{B0330A2C-3F10-4C46-97DF-13D187564F70}.Release|Any CPU.Build.0 = Release|Any CPU
		{B0330A2C-3F10-4C46-97DF-13D187564F70}.Release|x64.ActiveCfg = Release|Any CPU
		{B0330A2C-3F10-4C46-97DF-13D187564F70}.Release|x64.Build.0 = Release|Any CPU
		{B0330A2C-3F10-4C46-97DF-13D187564F70}.Release|x86.ActiveCfg = Release|Any CPU
		{B0330A2C-3F10-4C46-97DF-13D187564F70}.Release|x86.Build.0 = Release|Any CPU
		{BD758B10-A47F-4159-B9A1-997723AF7349}.Debug|Any CPU.ActiveCfg = Debug|Any CPU
		{BD758B10-A47F-4159-B9A1-997723AF7349}.Debug|Any CPU.Build.0 = Debug|Any CPU
		{BD758B10-A47F-4159-B9A1-997723AF7349}.Debug|x64.ActiveCfg = Debug|Any CPU
		{BD758B10-A47F-4159-B9A1-997723AF7349}.Debug|x64.Build.0 = Debug|Any CPU
		{BD758B10-A47F-4159-B9A1-997723AF7349}.Debug|x86.ActiveCfg = Debug|Any CPU
		{BD758B10-A47F-4159-B9A1-997723AF7349}.Debug|x86.Build.0 = Debug|Any CPU
		{BD758B10-A47F-4159-B9A1-997723AF7349}.Release|Any CPU.ActiveCfg = Release|Any CPU
		{BD758B10-A47F-4159-B9A1-997723AF7349}.Release|Any CPU.Build.0 = Release|Any CPU
		{BD758B10-A47F-4159-B9A1-997723AF7349}.Release|x64.ActiveCfg = Release|Any CPU
		{BD758B10-A47F-4159-B9A1-997723AF7349}.Release|x64.Build.0 = Release|Any CPU
		{BD758B10-A47F-4159-B9A1-997723AF7349}.Release|x86.ActiveCfg = Release|Any CPU
		{BD758B10-A47F-4159-B9A1-997723AF7349}.Release|x86.Build.0 = Release|Any CPU
		{2FFDBB61-8AE8-468B-87D3-0D907D7C2FFE}.Debug|Any CPU.ActiveCfg = Debug|Any CPU
		{2FFDBB61-8AE8-468B-87D3-0D907D7C2FFE}.Debug|Any CPU.Build.0 = Debug|Any CPU
		{2FFDBB61-8AE8-468B-87D3-0D907D7C2FFE}.Debug|x64.ActiveCfg = Debug|Any CPU
		{2FFDBB61-8AE8-468B-87D3-0D907D7C2FFE}.Debug|x64.Build.0 = Debug|Any CPU
		{2FFDBB61-8AE8-468B-87D3-0D907D7C2FFE}.Debug|x86.ActiveCfg = Debug|Any CPU
		{2FFDBB61-8AE8-468B-87D3-0D907D7C2FFE}.Debug|x86.Build.0 = Debug|Any CPU
		{2FFDBB61-8AE8-468B-87D3-0D907D7C2FFE}.Release|Any CPU.ActiveCfg = Release|Any CPU
		{2FFDBB61-8AE8-468B-87D3-0D907D7C2FFE}.Release|Any CPU.Build.0 = Release|Any CPU
		{2FFDBB61-8AE8-468B-87D3-0D907D7C2FFE}.Release|x64.ActiveCfg = Release|Any CPU
		{2FFDBB61-8AE8-468B-87D3-0D907D7C2FFE}.Release|x64.Build.0 = Release|Any CPU
		{2FFDBB61-8AE8-468B-87D3-0D907D7C2FFE}.Release|x86.ActiveCfg = Release|Any CPU
		{2FFDBB61-8AE8-468B-87D3-0D907D7C2FFE}.Release|x86.Build.0 = Release|Any CPU
		{12764D81-61A7-437A-90B6-9F245E43F457}.Debug|Any CPU.ActiveCfg = Debug|Any CPU
		{12764D81-61A7-437A-90B6-9F245E43F457}.Debug|Any CPU.Build.0 = Debug|Any CPU
		{12764D81-61A7-437A-90B6-9F245E43F457}.Debug|x64.ActiveCfg = Debug|Any CPU
		{12764D81-61A7-437A-90B6-9F245E43F457}.Debug|x64.Build.0 = Debug|Any CPU
		{12764D81-61A7-437A-90B6-9F245E43F457}.Debug|x86.ActiveCfg = Debug|Any CPU
		{12764D81-61A7-437A-90B6-9F245E43F457}.Debug|x86.Build.0 = Debug|Any CPU
		{12764D81-61A7-437A-90B6-9F245E43F457}.Release|Any CPU.ActiveCfg = Release|Any CPU
		{12764D81-61A7-437A-90B6-9F245E43F457}.Release|Any CPU.Build.0 = Release|Any CPU
		{12764D81-61A7-437A-90B6-9F245E43F457}.Release|x64.ActiveCfg = Release|Any CPU
		{12764D81-61A7-437A-90B6-9F245E43F457}.Release|x64.Build.0 = Release|Any CPU
		{12764D81-61A7-437A-90B6-9F245E43F457}.Release|x86.ActiveCfg = Release|Any CPU
		{12764D81-61A7-437A-90B6-9F245E43F457}.Release|x86.Build.0 = Release|Any CPU
		{B1DDA327-F55E-466A-AF3E-7F039B9B51A9}.Debug|Any CPU.ActiveCfg = Debug|Any CPU
		{B1DDA327-F55E-466A-AF3E-7F039B9B51A9}.Debug|Any CPU.Build.0 = Debug|Any CPU
		{B1DDA327-F55E-466A-AF3E-7F039B9B51A9}.Debug|x64.ActiveCfg = Debug|Any CPU
		{B1DDA327-F55E-466A-AF3E-7F039B9B51A9}.Debug|x64.Build.0 = Debug|Any CPU
		{B1DDA327-F55E-466A-AF3E-7F039B9B51A9}.Debug|x86.ActiveCfg = Debug|Any CPU
		{B1DDA327-F55E-466A-AF3E-7F039B9B51A9}.Debug|x86.Build.0 = Debug|Any CPU
		{B1DDA327-F55E-466A-AF3E-7F039B9B51A9}.Release|Any CPU.ActiveCfg = Release|Any CPU
		{B1DDA327-F55E-466A-AF3E-7F039B9B51A9}.Release|Any CPU.Build.0 = Release|Any CPU
		{B1DDA327-F55E-466A-AF3E-7F039B9B51A9}.Release|x64.ActiveCfg = Release|Any CPU
		{B1DDA327-F55E-466A-AF3E-7F039B9B51A9}.Release|x64.Build.0 = Release|Any CPU
		{B1DDA327-F55E-466A-AF3E-7F039B9B51A9}.Release|x86.ActiveCfg = Release|Any CPU
		{B1DDA327-F55E-466A-AF3E-7F039B9B51A9}.Release|x86.Build.0 = Release|Any CPU
		{D478568D-CA20-4331-9019-F585B564425E}.Debug|Any CPU.ActiveCfg = Debug|Any CPU
		{D478568D-CA20-4331-9019-F585B564425E}.Debug|Any CPU.Build.0 = Debug|Any CPU
		{D478568D-CA20-4331-9019-F585B564425E}.Debug|x64.ActiveCfg = Debug|Any CPU
		{D478568D-CA20-4331-9019-F585B564425E}.Debug|x64.Build.0 = Debug|Any CPU
		{D478568D-CA20-4331-9019-F585B564425E}.Debug|x86.ActiveCfg = Debug|Any CPU
		{D478568D-CA20-4331-9019-F585B564425E}.Debug|x86.Build.0 = Debug|Any CPU
		{D478568D-CA20-4331-9019-F585B564425E}.Release|Any CPU.ActiveCfg = Release|Any CPU
		{D478568D-CA20-4331-9019-F585B564425E}.Release|Any CPU.Build.0 = Release|Any CPU
		{D478568D-CA20-4331-9019-F585B564425E}.Release|x64.ActiveCfg = Release|Any CPU
		{D478568D-CA20-4331-9019-F585B564425E}.Release|x64.Build.0 = Release|Any CPU
		{D478568D-CA20-4331-9019-F585B564425E}.Release|x86.ActiveCfg = Release|Any CPU
		{D478568D-CA20-4331-9019-F585B564425E}.Release|x86.Build.0 = Release|Any CPU
		{E8B9226E-879F-495A-BDAD-2607844D048C}.Debug|Any CPU.ActiveCfg = Debug|Any CPU
		{E8B9226E-879F-495A-BDAD-2607844D048C}.Debug|Any CPU.Build.0 = Debug|Any CPU
		{E8B9226E-879F-495A-BDAD-2607844D048C}.Debug|x64.ActiveCfg = Debug|Any CPU
		{E8B9226E-879F-495A-BDAD-2607844D048C}.Debug|x64.Build.0 = Debug|Any CPU
		{E8B9226E-879F-495A-BDAD-2607844D048C}.Debug|x86.ActiveCfg = Debug|Any CPU
		{E8B9226E-879F-495A-BDAD-2607844D048C}.Debug|x86.Build.0 = Debug|Any CPU
		{E8B9226E-879F-495A-BDAD-2607844D048C}.Release|Any CPU.ActiveCfg = Release|Any CPU
		{E8B9226E-879F-495A-BDAD-2607844D048C}.Release|Any CPU.Build.0 = Release|Any CPU
		{E8B9226E-879F-495A-BDAD-2607844D048C}.Release|x64.ActiveCfg = Release|Any CPU
		{E8B9226E-879F-495A-BDAD-2607844D048C}.Release|x64.Build.0 = Release|Any CPU
		{E8B9226E-879F-495A-BDAD-2607844D048C}.Release|x86.ActiveCfg = Release|Any CPU
		{E8B9226E-879F-495A-BDAD-2607844D048C}.Release|x86.Build.0 = Release|Any CPU
		{449B9DDA-F18C-411E-9A74-3930652BB78A}.Debug|Any CPU.ActiveCfg = Debug|Any CPU
		{449B9DDA-F18C-411E-9A74-3930652BB78A}.Debug|Any CPU.Build.0 = Debug|Any CPU
		{449B9DDA-F18C-411E-9A74-3930652BB78A}.Debug|x64.ActiveCfg = Debug|Any CPU
		{449B9DDA-F18C-411E-9A74-3930652BB78A}.Debug|x64.Build.0 = Debug|Any CPU
		{449B9DDA-F18C-411E-9A74-3930652BB78A}.Debug|x86.ActiveCfg = Debug|Any CPU
		{449B9DDA-F18C-411E-9A74-3930652BB78A}.Debug|x86.Build.0 = Debug|Any CPU
		{449B9DDA-F18C-411E-9A74-3930652BB78A}.Release|Any CPU.ActiveCfg = Release|Any CPU
		{449B9DDA-F18C-411E-9A74-3930652BB78A}.Release|Any CPU.Build.0 = Release|Any CPU
		{449B9DDA-F18C-411E-9A74-3930652BB78A}.Release|x64.ActiveCfg = Release|Any CPU
		{449B9DDA-F18C-411E-9A74-3930652BB78A}.Release|x64.Build.0 = Release|Any CPU
		{449B9DDA-F18C-411E-9A74-3930652BB78A}.Release|x86.ActiveCfg = Release|Any CPU
		{449B9DDA-F18C-411E-9A74-3930652BB78A}.Release|x86.Build.0 = Release|Any CPU
		{DFB06A25-719F-4C8B-B84D-55D2D601BEF6}.Debug|Any CPU.ActiveCfg = Debug|Any CPU
		{DFB06A25-719F-4C8B-B84D-55D2D601BEF6}.Debug|Any CPU.Build.0 = Debug|Any CPU
		{DFB06A25-719F-4C8B-B84D-55D2D601BEF6}.Debug|x64.ActiveCfg = Debug|Any CPU
		{DFB06A25-719F-4C8B-B84D-55D2D601BEF6}.Debug|x64.Build.0 = Debug|Any CPU
		{DFB06A25-719F-4C8B-B84D-55D2D601BEF6}.Debug|x86.ActiveCfg = Debug|Any CPU
		{DFB06A25-719F-4C8B-B84D-55D2D601BEF6}.Debug|x86.Build.0 = Debug|Any CPU
		{DFB06A25-719F-4C8B-B84D-55D2D601BEF6}.Release|Any CPU.ActiveCfg = Release|Any CPU
		{DFB06A25-719F-4C8B-B84D-55D2D601BEF6}.Release|Any CPU.Build.0 = Release|Any CPU
		{DFB06A25-719F-4C8B-B84D-55D2D601BEF6}.Release|x64.ActiveCfg = Release|Any CPU
		{DFB06A25-719F-4C8B-B84D-55D2D601BEF6}.Release|x64.Build.0 = Release|Any CPU
		{DFB06A25-719F-4C8B-B84D-55D2D601BEF6}.Release|x86.ActiveCfg = Release|Any CPU
		{DFB06A25-719F-4C8B-B84D-55D2D601BEF6}.Release|x86.Build.0 = Release|Any CPU
		{1F74F8F5-99E4-47AE-8608-6D470325E81C}.Debug|Any CPU.ActiveCfg = Debug|Any CPU
		{1F74F8F5-99E4-47AE-8608-6D470325E81C}.Debug|Any CPU.Build.0 = Debug|Any CPU
		{1F74F8F5-99E4-47AE-8608-6D470325E81C}.Debug|x64.ActiveCfg = Debug|Any CPU
		{1F74F8F5-99E4-47AE-8608-6D470325E81C}.Debug|x64.Build.0 = Debug|Any CPU
		{1F74F8F5-99E4-47AE-8608-6D470325E81C}.Debug|x86.ActiveCfg = Debug|Any CPU
		{1F74F8F5-99E4-47AE-8608-6D470325E81C}.Debug|x86.Build.0 = Debug|Any CPU
		{1F74F8F5-99E4-47AE-8608-6D470325E81C}.Release|Any CPU.ActiveCfg = Release|Any CPU
		{1F74F8F5-99E4-47AE-8608-6D470325E81C}.Release|Any CPU.Build.0 = Release|Any CPU
		{1F74F8F5-99E4-47AE-8608-6D470325E81C}.Release|x64.ActiveCfg = Release|Any CPU
		{1F74F8F5-99E4-47AE-8608-6D470325E81C}.Release|x64.Build.0 = Release|Any CPU
		{1F74F8F5-99E4-47AE-8608-6D470325E81C}.Release|x86.ActiveCfg = Release|Any CPU
		{1F74F8F5-99E4-47AE-8608-6D470325E81C}.Release|x86.Build.0 = Release|Any CPU
		{8651DEEB-0291-4E49-92AA-3B097DAF9D37}.Debug|Any CPU.ActiveCfg = Debug|Any CPU
		{8651DEEB-0291-4E49-92AA-3B097DAF9D37}.Debug|Any CPU.Build.0 = Debug|Any CPU
		{8651DEEB-0291-4E49-92AA-3B097DAF9D37}.Debug|x64.ActiveCfg = Debug|Any CPU
		{8651DEEB-0291-4E49-92AA-3B097DAF9D37}.Debug|x64.Build.0 = Debug|Any CPU
		{8651DEEB-0291-4E49-92AA-3B097DAF9D37}.Debug|x86.ActiveCfg = Debug|Any CPU
		{8651DEEB-0291-4E49-92AA-3B097DAF9D37}.Debug|x86.Build.0 = Debug|Any CPU
		{8651DEEB-0291-4E49-92AA-3B097DAF9D37}.Release|Any CPU.ActiveCfg = Release|Any CPU
		{8651DEEB-0291-4E49-92AA-3B097DAF9D37}.Release|Any CPU.Build.0 = Release|Any CPU
		{8651DEEB-0291-4E49-92AA-3B097DAF9D37}.Release|x64.ActiveCfg = Release|Any CPU
		{8651DEEB-0291-4E49-92AA-3B097DAF9D37}.Release|x64.Build.0 = Release|Any CPU
		{8651DEEB-0291-4E49-92AA-3B097DAF9D37}.Release|x86.ActiveCfg = Release|Any CPU
		{8651DEEB-0291-4E49-92AA-3B097DAF9D37}.Release|x86.Build.0 = Release|Any CPU
	EndGlobalSection
	GlobalSection(SolutionProperties) = preSolution
		HideSolutionNode = FALSE
	EndGlobalSection
	GlobalSection(NestedProjects) = preSolution
		{72213E25-DEA2-4A6F-9FA9-AC03F3DE7DCF} = {7DAC892E-ADAE-4CEB-8A0C-EDC452A5826A}
		{0C92EDA7-492F-4CBA-9F36-61932CA5C1F4} = {7DAC892E-ADAE-4CEB-8A0C-EDC452A5826A}
		{578CE255-E412-4CC7-9A03-1EDCA522DA27} = {7DAC892E-ADAE-4CEB-8A0C-EDC452A5826A}
		{62BD1600-18A2-400E-94F5-C33BBD67CA97} = {8B498D0C-F488-4B38-8A7D-B20BF9DB6F60}
		{E22B59BD-A658-4E32-9407-C8D9570B9FDF} = {7DAC892E-ADAE-4CEB-8A0C-EDC452A5826A}
		{A86924AE-4B77-47A8-A690-EDA395F075A9} = {7DAC892E-ADAE-4CEB-8A0C-EDC452A5826A}
		{9FCFAD2A-061E-4FC0-848E-F0E8AA03676D} = {7DAC892E-ADAE-4CEB-8A0C-EDC452A5826A}
		{62BD1609-18A2-400E-94F5-C33BBD67CA97} = {8B498D0C-F488-4B38-8A7D-B20BF9DB6F60}
		{865B29F0-BDBF-4CF6-A6F2-C41CD2F00A56} = {8B498D0C-F488-4B38-8A7D-B20BF9DB6F60}
		{D9B16B88-4B85-4208-8F1C-39DFB248250C} = {8B498D0C-F488-4B38-8A7D-B20BF9DB6F60}
		{FCB1B0F2-3067-4FE8-8A98-5EC80F38D534} = {8B498D0C-F488-4B38-8A7D-B20BF9DB6F60}
		{D26D7FC1-3DCD-434C-8261-63FCCEF27278} = {7DAC892E-ADAE-4CEB-8A0C-EDC452A5826A}
		{C416006F-FAE9-4263-8290-81B2AA81E024} = {8B498D0C-F488-4B38-8A7D-B20BF9DB6F60}
		{4DF4A1B9-F31C-49D1-8FEB-8DB37AEBDC0B} = {7DAC892E-ADAE-4CEB-8A0C-EDC452A5826A}
		{FBEBB725-F645-40DC-856C-D1BC7FB52CF3} = {B794BF86-4185-4DCE-AC86-C27D5D966B9B}
		{FC7516FB-7F44-4786-ADF2-589EF06C2EDE} = {8B498D0C-F488-4B38-8A7D-B20BF9DB6F60}
		{0A4EBB7D-E75B-4589-9FB3-0CD6A0B47C78} = {8B498D0C-F488-4B38-8A7D-B20BF9DB6F60}
		{15304624-1774-4990-A0CC-7B9DA27A8FF6} = {8B498D0C-F488-4B38-8A7D-B20BF9DB6F60}
		{F8C5BBAA-99E9-46BA-87C9-9FB7F388F403} = {B794BF86-4185-4DCE-AC86-C27D5D966B9B}
		{ED5D6873-220B-4F9D-A30B-B99E950F8E26} = {B794BF86-4185-4DCE-AC86-C27D5D966B9B}
		{858B2E28-1FF8-4ED2-A356-B576BD793B71} = {8B498D0C-F488-4B38-8A7D-B20BF9DB6F60}
		{BB38681E-BBD1-4E77-BCD5-CDB6E532B2C5} = {8B498D0C-F488-4B38-8A7D-B20BF9DB6F60}
		{B0330A2C-3F10-4C46-97DF-13D187564F70} = {8B498D0C-F488-4B38-8A7D-B20BF9DB6F60}
		{BD758B10-A47F-4159-B9A1-997723AF7349} = {B794BF86-4185-4DCE-AC86-C27D5D966B9B}
		{2FFDBB61-8AE8-468B-87D3-0D907D7C2FFE} = {8B498D0C-F488-4B38-8A7D-B20BF9DB6F60}
		{12764D81-61A7-437A-90B6-9F245E43F457} = {B794BF86-4185-4DCE-AC86-C27D5D966B9B}
		{B1DDA327-F55E-466A-AF3E-7F039B9B51A9} = {8B498D0C-F488-4B38-8A7D-B20BF9DB6F60}
		{D478568D-CA20-4331-9019-F585B564425E} = {8B498D0C-F488-4B38-8A7D-B20BF9DB6F60}
		{E8B9226E-879F-495A-BDAD-2607844D048C} = {8B498D0C-F488-4B38-8A7D-B20BF9DB6F60}
		{D190251C-5649-4DD6-A158-16D119116352} = {C5186341-2064-49AA-B398-CDF4302D2823}
		{43053BC4-32B4-4404-B62D-410F367CE0CE} = {B794BF86-4185-4DCE-AC86-C27D5D966B9B}
		{EE8CD472-D8C4-4CD0-BC84-6C305F5971AE} = {43053BC4-32B4-4404-B62D-410F367CE0CE}
		{449B9DDA-F18C-411E-9A74-3930652BB78A} = {B794BF86-4185-4DCE-AC86-C27D5D966B9B}
		{DFB06A25-719F-4C8B-B84D-55D2D601BEF6} = {3A2D12C2-0455-4471-9EBB-91749BA3A60F}
		{1F74F8F5-99E4-47AE-8608-6D470325E81C} = {FF433F83-22C2-46E0-99B3-4FFCA5190A94}
		{8651DEEB-0291-4E49-92AA-3B097DAF9D37} = {8B498D0C-F488-4B38-8A7D-B20BF9DB6F60}
	EndGlobalSection
	GlobalSection(ExtensibilityGlobals) = postSolution
		SolutionGuid = {6EA1A508-6033-4538-BF98-7F71B4E297AD}
	EndGlobalSection
EndGlobal
