
Microsoft Visual Studio Solution File, Format Version 12.00
# Visual Studio 15
VisualStudioVersion = 15.0.25907.1
MinimumVisualStudioVersion = 10.0.40219.1
Project("{2150E333-8FDC-42A3-9474-1A3956D46DE8}") = "src", "src", "{7DAC892E-ADAE-4CEB-8A0C-EDC452A5826A}"
EndProject
Project("{2150E333-8FDC-42A3-9474-1A3956D46DE8}") = "test", "test", "{8B498D0C-F488-4B38-8A7D-B20BF9DB6F60}"
EndProject
Project("{9A19103F-16F7-4668-BE54-9A1E7A4F7556}") = "Microsoft.TemplateEngine.Core", "src\Microsoft.TemplateEngine.Core\Microsoft.TemplateEngine.Core.csproj", "{72213E25-DEA2-4A6F-9FA9-AC03F3DE7DCF}"
EndProject
Project("{9A19103F-16F7-4668-BE54-9A1E7A4F7556}") = "Microsoft.TemplateEngine.Abstractions", "src\Microsoft.TemplateEngine.Abstractions\Microsoft.TemplateEngine.Abstractions.csproj", "{0C92EDA7-492F-4CBA-9F36-61932CA5C1F4}"
EndProject
Project("{9A19103F-16F7-4668-BE54-9A1E7A4F7556}") = "Microsoft.TemplateEngine.Orchestrator.RunnableProjects", "src\Microsoft.TemplateEngine.Orchestrator.RunnableProjects\Microsoft.TemplateEngine.Orchestrator.RunnableProjects.csproj", "{578CE255-E412-4CC7-9A03-1EDCA522DA27}"
EndProject
Project("{9A19103F-16F7-4668-BE54-9A1E7A4F7556}") = "Microsoft.TemplateEngine.Core.UnitTests", "test\Microsoft.TemplateEngine.Core.UnitTests\Microsoft.TemplateEngine.Core.UnitTests.csproj", "{62BD1600-18A2-400E-94F5-C33BBD67CA97}"
EndProject
Project("{9A19103F-16F7-4668-BE54-9A1E7A4F7556}") = "Microsoft.TemplateEngine.Edge", "src\Microsoft.TemplateEngine.Edge\Microsoft.TemplateEngine.Edge.csproj", "{E22B59BD-A658-4E32-9407-C8D9570B9FDF}"
EndProject
Project("{9A19103F-16F7-4668-BE54-9A1E7A4F7556}") = "Microsoft.TemplateEngine.Utils", "src\Microsoft.TemplateEngine.Utils\Microsoft.TemplateEngine.Utils.csproj", "{A86924AE-4B77-47A8-A690-EDA395F075A9}"
EndProject
Project("{9A19103F-16F7-4668-BE54-9A1E7A4F7556}") = "Microsoft.TemplateEngine.Core.Contracts", "src\Microsoft.TemplateEngine.Core.Contracts\Microsoft.TemplateEngine.Core.Contracts.csproj", "{9FCFAD2A-061E-4FC0-848E-F0E8AA03676D}"
EndProject
Project("{9A19103F-16F7-4668-BE54-9A1E7A4F7556}") = "Microsoft.TemplateEngine.Utils.UnitTests", "test\Microsoft.TemplateEngine.Utils.UnitTests\Microsoft.TemplateEngine.Utils.UnitTests.csproj", "{62BD1609-18A2-400E-94F5-C33BBD67CA97}"
EndProject
Global
	GlobalSection(SolutionConfigurationPlatforms) = preSolution
		Debug|Any CPU = Debug|Any CPU
		Release|Any CPU = Release|Any CPU
	EndGlobalSection
	GlobalSection(ProjectConfigurationPlatforms) = postSolution
		{72213E25-DEA2-4A6F-9FA9-AC03F3DE7DCF}.Debug|Any CPU.ActiveCfg = Debug|Any CPU
		{72213E25-DEA2-4A6F-9FA9-AC03F3DE7DCF}.Debug|Any CPU.Build.0 = Debug|Any CPU
		{72213E25-DEA2-4A6F-9FA9-AC03F3DE7DCF}.Release|Any CPU.ActiveCfg = Release|Any CPU
		{72213E25-DEA2-4A6F-9FA9-AC03F3DE7DCF}.Release|Any CPU.Build.0 = Release|Any CPU
		{0C92EDA7-492F-4CBA-9F36-61932CA5C1F4}.Debug|Any CPU.ActiveCfg = Debug|Any CPU
		{0C92EDA7-492F-4CBA-9F36-61932CA5C1F4}.Debug|Any CPU.Build.0 = Debug|Any CPU
		{0C92EDA7-492F-4CBA-9F36-61932CA5C1F4}.Release|Any CPU.ActiveCfg = Release|Any CPU
		{0C92EDA7-492F-4CBA-9F36-61932CA5C1F4}.Release|Any CPU.Build.0 = Release|Any CPU
		{578CE255-E412-4CC7-9A03-1EDCA522DA27}.Debug|Any CPU.ActiveCfg = Debug|Any CPU
		{578CE255-E412-4CC7-9A03-1EDCA522DA27}.Debug|Any CPU.Build.0 = Debug|Any CPU
		{578CE255-E412-4CC7-9A03-1EDCA522DA27}.Release|Any CPU.ActiveCfg = Release|Any CPU
		{578CE255-E412-4CC7-9A03-1EDCA522DA27}.Release|Any CPU.Build.0 = Release|Any CPU
		{62BD1600-18A2-400E-94F5-C33BBD67CA97}.Debug|Any CPU.ActiveCfg = Debug|Any CPU
		{62BD1600-18A2-400E-94F5-C33BBD67CA97}.Debug|Any CPU.Build.0 = Debug|Any CPU
		{62BD1600-18A2-400E-94F5-C33BBD67CA97}.Release|Any CPU.ActiveCfg = Release|Any CPU
		{62BD1600-18A2-400E-94F5-C33BBD67CA97}.Release|Any CPU.Build.0 = Release|Any CPU
		{E22B59BD-A658-4E32-9407-C8D9570B9FDF}.Debug|Any CPU.ActiveCfg = Debug|Any CPU
		{E22B59BD-A658-4E32-9407-C8D9570B9FDF}.Debug|Any CPU.Build.0 = Debug|Any CPU
		{E22B59BD-A658-4E32-9407-C8D9570B9FDF}.Release|Any CPU.ActiveCfg = Release|Any CPU
		{E22B59BD-A658-4E32-9407-C8D9570B9FDF}.Release|Any CPU.Build.0 = Release|Any CPU
		{A86924AE-4B77-47A8-A690-EDA395F075A9}.Debug|Any CPU.ActiveCfg = Debug|Any CPU
		{A86924AE-4B77-47A8-A690-EDA395F075A9}.Debug|Any CPU.Build.0 = Debug|Any CPU
		{A86924AE-4B77-47A8-A690-EDA395F075A9}.Release|Any CPU.ActiveCfg = Release|Any CPU
		{A86924AE-4B77-47A8-A690-EDA395F075A9}.Release|Any CPU.Build.0 = Release|Any CPU
		{9FCFAD2A-061E-4FC0-848E-F0E8AA03676D}.Debug|Any CPU.ActiveCfg = Debug|Any CPU
		{9FCFAD2A-061E-4FC0-848E-F0E8AA03676D}.Debug|Any CPU.Build.0 = Debug|Any CPU
		{9FCFAD2A-061E-4FC0-848E-F0E8AA03676D}.Release|Any CPU.ActiveCfg = Release|Any CPU
		{9FCFAD2A-061E-4FC0-848E-F0E8AA03676D}.Release|Any CPU.Build.0 = Release|Any CPU
		{62BD1609-18A2-400E-94F5-C33BBD67CA97}.Debug|Any CPU.ActiveCfg = Debug|Any CPU
		{62BD1609-18A2-400E-94F5-C33BBD67CA97}.Debug|Any CPU.Build.0 = Debug|Any CPU
		{62BD1609-18A2-400E-94F5-C33BBD67CA97}.Release|Any CPU.ActiveCfg = Release|Any CPU
		{62BD1609-18A2-400E-94F5-C33BBD67CA97}.Release|Any CPU.Build.0 = Release|Any CPU
	EndGlobalSection
	GlobalSection(SolutionProperties) = preSolution
		HideSolutionNode = FALSE
	EndGlobalSection
	GlobalSection(NestedProjects) = preSolution
		{72213E25-DEA2-4A6F-9FA9-AC03F3DE7DCF} = {7DAC892E-ADAE-4CEB-8A0C-EDC452A5826A}
		{0C92EDA7-492F-4CBA-9F36-61932CA5C1F4} = {7DAC892E-ADAE-4CEB-8A0C-EDC452A5826A}
		{578CE255-E412-4CC7-9A03-1EDCA522DA27} = {7DAC892E-ADAE-4CEB-8A0C-EDC452A5826A}
		{62BD1600-18A2-400E-94F5-C33BBD67CA97} = {8B498D0C-F488-4B38-8A7D-B20BF9DB6F60}
		{E22B59BD-A658-4E32-9407-C8D9570B9FDF} = {7DAC892E-ADAE-4CEB-8A0C-EDC452A5826A}
		{A86924AE-4B77-47A8-A690-EDA395F075A9} = {7DAC892E-ADAE-4CEB-8A0C-EDC452A5826A}
		{9FCFAD2A-061E-4FC0-848E-F0E8AA03676D} = {7DAC892E-ADAE-4CEB-8A0C-EDC452A5826A}
		{62BD1609-18A2-400E-94F5-C33BBD67CA97} = {8B498D0C-F488-4B38-8A7D-B20BF9DB6F60}
	EndGlobalSection
EndGlobal
