
Microsoft Visual Studio Solution File, Format Version 12.00
# Visual Studio Version 16
VisualStudioVersion = 16.0.28722.129
MinimumVisualStudioVersion = 10.0.40219.1
Project("{2150E333-8FDC-42A3-9474-1A3956D46DE8}") = "src", "src", "{7DAC892E-ADAE-4CEB-8A0C-EDC452A5826A}"
EndProject
Project("{2150E333-8FDC-42A3-9474-1A3956D46DE8}") = "test", "test", "{8B498D0C-F488-4B38-8A7D-B20BF9DB6F60}"
EndProject
Project("{9A19103F-16F7-4668-BE54-9A1E7A4F7556}") = "Microsoft.TemplateEngine.Core", "src\Microsoft.TemplateEngine.Core\Microsoft.TemplateEngine.Core.csproj", "{72213E25-DEA2-4A6F-9FA9-AC03F3DE7DCF}"
EndProject
Project("{9A19103F-16F7-4668-BE54-9A1E7A4F7556}") = "Microsoft.TemplateEngine.Abstractions", "src\Microsoft.TemplateEngine.Abstractions\Microsoft.TemplateEngine.Abstractions.csproj", "{0C92EDA7-492F-4CBA-9F36-61932CA5C1F4}"
EndProject
Project("{9A19103F-16F7-4668-BE54-9A1E7A4F7556}") = "Microsoft.TemplateEngine.Orchestrator.RunnableProjects", "src\Microsoft.TemplateEngine.Orchestrator.RunnableProjects\Microsoft.TemplateEngine.Orchestrator.RunnableProjects.csproj", "{578CE255-E412-4CC7-9A03-1EDCA522DA27}"
EndProject
Project("{9A19103F-16F7-4668-BE54-9A1E7A4F7556}") = "Microsoft.TemplateEngine.Core.UnitTests", "test\Microsoft.TemplateEngine.Core.UnitTests\Microsoft.TemplateEngine.Core.UnitTests.csproj", "{62BD1600-18A2-400E-94F5-C33BBD67CA97}"
EndProject
Project("{9A19103F-16F7-4668-BE54-9A1E7A4F7556}") = "Microsoft.TemplateEngine.Edge", "src\Microsoft.TemplateEngine.Edge\Microsoft.TemplateEngine.Edge.csproj", "{E22B59BD-A658-4E32-9407-C8D9570B9FDF}"
EndProject
Project("{9A19103F-16F7-4668-BE54-9A1E7A4F7556}") = "Microsoft.TemplateEngine.Utils", "src\Microsoft.TemplateEngine.Utils\Microsoft.TemplateEngine.Utils.csproj", "{A86924AE-4B77-47A8-A690-EDA395F075A9}"
EndProject
Project("{9A19103F-16F7-4668-BE54-9A1E7A4F7556}") = "Microsoft.TemplateEngine.Core.Contracts", "src\Microsoft.TemplateEngine.Core.Contracts\Microsoft.TemplateEngine.Core.Contracts.csproj", "{9FCFAD2A-061E-4FC0-848E-F0E8AA03676D}"
EndProject
Project("{9A19103F-16F7-4668-BE54-9A1E7A4F7556}") = "Microsoft.TemplateEngine.Utils.UnitTests", "test\Microsoft.TemplateEngine.Utils.UnitTests\Microsoft.TemplateEngine.Utils.UnitTests.csproj", "{62BD1609-18A2-400E-94F5-C33BBD67CA97}"
EndProject
Project("{9A19103F-16F7-4668-BE54-9A1E7A4F7556}") = "Microsoft.TemplateEngine.Mocks", "test\Microsoft.TemplateEngine.Mocks\Microsoft.TemplateEngine.Mocks.csproj", "{865B29F0-BDBF-4CF6-A6F2-C41CD2F00A56}"
EndProject
Project("{9A19103F-16F7-4668-BE54-9A1E7A4F7556}") = "Microsoft.TemplateEngine.Orchestrator.RunnableProjects.UnitTests", "test\Microsoft.TemplateEngine.Orchestrator.RunnableProjects.UnitTests\Microsoft.TemplateEngine.Orchestrator.RunnableProjects.UnitTests.csproj", "{D9B16B88-4B85-4208-8F1C-39DFB248250C}"
EndProject
Project("{9A19103F-16F7-4668-BE54-9A1E7A4F7556}") = "Microsoft.TemplateEngine.TestHelper", "test\Microsoft.TemplateEngine.TestHelper\Microsoft.TemplateEngine.TestHelper.csproj", "{FCB1B0F2-3067-4FE8-8A98-5EC80F38D534}"
EndProject
Project("{9A19103F-16F7-4668-BE54-9A1E7A4F7556}") = "Microsoft.TemplateEngine.Cli", "src\Microsoft.TemplateEngine.Cli\Microsoft.TemplateEngine.Cli.csproj", "{23BE51C6-05FD-4573-A5D7-428B290BC9E0}"
EndProject
Project("{9A19103F-16F7-4668-BE54-9A1E7A4F7556}") = "Microsoft.TemplateEngine.Cli.UnitTests", "test\Microsoft.TemplateEngine.Cli.UnitTests\Microsoft.TemplateEngine.Cli.UnitTests.csproj", "{B87FEC58-7768-4AF0-A6BF-1F95F8A37B2F}"
EndProject
Project("{9A19103F-16F7-4668-BE54-9A1E7A4F7556}") = "Microsoft.TemplateEngine.EndToEndTestHarness", "test\Microsoft.TemplateEngine.EndToEndTestHarness\Microsoft.TemplateEngine.EndToEndTestHarness.csproj", "{7F621994-57DC-4AD9-8F0A-7F42B7F6F370}"
EndProject
Project("{9A19103F-16F7-4668-BE54-9A1E7A4F7556}") = "Microsoft.TemplateEngine.IDE", "src\Microsoft.TemplateEngine.IDE\Microsoft.TemplateEngine.IDE.csproj", "{D26D7FC1-3DCD-434C-8261-63FCCEF27278}"
EndProject
Project("{9A19103F-16F7-4668-BE54-9A1E7A4F7556}") = "dotnet-new3", "src\dotnet-new3\dotnet-new3.csproj", "{8596D7A3-DE37-45B2-ACC1-38CA62BAE295}"
EndProject
Project("{9A19103F-16F7-4668-BE54-9A1E7A4F7556}") = "dotnet-new3.UnitTests", "test\dotnet-new3.UnitTests\dotnet-new3.UnitTests.csproj", "{21B88A8F-5954-4D24-9965-A221E06A6185}"
EndProject
Project("{9A19103F-16F7-4668-BE54-9A1E7A4F7556}") = "Microsoft.TemplateEngine.Edge.UnitTests", "test\Microsoft.TemplateEngine.Edge.UnitTests\Microsoft.TemplateEngine.Edge.UnitTests.csproj", "{C416006F-FAE9-4263-8290-81B2AA81E024}"
EndProject
Project("{2150E333-8FDC-42A3-9474-1A3956D46DE8}") = "templates", "templates", "{CDC477F2-3C4B-446D-A2CB-21C61A3C1064}"
EndProject
Project("{9A19103F-16F7-4668-BE54-9A1E7A4F7556}") = "Microsoft.DotNet.Common.ItemTemplates", "template_feed\Microsoft.DotNet.Common.ItemTemplates\Microsoft.DotNet.Common.ItemTemplates.csproj", "{D3B88572-AF3B-4780-8DB5-A510F88E7BD5}"
EndProject
Project("{9A19103F-16F7-4668-BE54-9A1E7A4F7556}") = "Microsoft.DotNet.Common.ProjectTemplates.1.x", "template_feed\Microsoft.DotNet.Common.ProjectTemplates.1.x\Microsoft.DotNet.Common.ProjectTemplates.1.x.csproj", "{663873E2-DB0A-4FDD-88D5-1DCE94A4FECB}"
EndProject
Project("{9A19103F-16F7-4668-BE54-9A1E7A4F7556}") = "Microsoft.DotNet.Common.ProjectTemplates.2.0", "template_feed\Microsoft.DotNet.Common.ProjectTemplates.2.0\Microsoft.DotNet.Common.ProjectTemplates.2.0.csproj", "{D039B509-5C0F-43B3-A985-066B0D71866B}"
EndProject
Project("{9A19103F-16F7-4668-BE54-9A1E7A4F7556}") = "Microsoft.DotNet.Common.ProjectTemplates.2.1", "template_feed\Microsoft.DotNet.Common.ProjectTemplates.2.1\Microsoft.DotNet.Common.ProjectTemplates.2.1.csproj", "{D2B54F3C-F18A-4D57-B4B3-0DB0A3FC2E92}"
EndProject
Project("{9A19103F-16F7-4668-BE54-9A1E7A4F7556}") = "Microsoft.DotNet.Common.ProjectTemplates.2.2", "template_feed\Microsoft.DotNet.Common.ProjectTemplates.2.2\Microsoft.DotNet.Common.ProjectTemplates.2.2.csproj", "{0546F84E-5503-476C-A212-E8FA55ABC5C3}"
EndProject
Project("{9A19103F-16F7-4668-BE54-9A1E7A4F7556}") = "Microsoft.DotNet.Common.ProjectTemplates.3.0", "template_feed\Microsoft.DotNet.Common.ProjectTemplates.3.0\Microsoft.DotNet.Common.ProjectTemplates.3.0.csproj", "{81EC3B4C-FE0F-4ECD-B85B-946BB012FF40}"
EndProject
Project("{9A19103F-16F7-4668-BE54-9A1E7A4F7556}") = "Microsoft.DotNet.Common.ProjectTemplates.3.1", "template_feed\Microsoft.DotNet.Common.ProjectTemplates.3.1\Microsoft.DotNet.Common.ProjectTemplates.3.1.csproj", "{A2FAA3E8-80FE-4EBB-8168-3F207BA860D3}"
EndProject
Project("{9A19103F-16F7-4668-BE54-9A1E7A4F7556}") = "Microsoft.DotNet.Common.ProjectTemplates.5.0", "template_feed\Microsoft.DotNet.Common.ProjectTemplates.5.0\Microsoft.DotNet.Common.ProjectTemplates.5.0.csproj", "{9C7101C2-BBA3-4E41-9A55-88FD193159D9}"
EndProject
Project("{9A19103F-16F7-4668-BE54-9A1E7A4F7556}") = "Microsoft.TemplateEngine.Cli.Localization", "src\Microsoft.TemplateEngine.Cli.Localization\Microsoft.TemplateEngine.Cli.Localization.csproj", "{185C12FA-5580-4706-8B88-481850C44537}"
EndProject
Project("{9A19103F-16F7-4668-BE54-9A1E7A4F7556}") = "Microsoft.TemplateSearch.Common", "src\Microsoft.TemplateSearch.Common\Microsoft.TemplateSearch.Common.csproj", "{4DF4A1B9-F31C-49D1-8FEB-8DB37AEBDC0B}"
EndProject
Project("{9A19103F-16F7-4668-BE54-9A1E7A4F7556}") = "Microsoft.TemplateSearch.TemplateDiscovery", "src\Microsoft.TemplateSearch.TemplateDiscovery\Microsoft.TemplateSearch.TemplateDiscovery.csproj", "{FBEBB725-F645-40DC-856C-D1BC7FB52CF3}"
EndProject
Project("{9A19103F-16F7-4668-BE54-9A1E7A4F7556}") = "Microsoft.TemplateSearch.ScraperOutputComparison", "src\Microsoft.TemplateSearch.ScraperOutputComparison\Microsoft.TemplateSearch.ScraperOutputComparison.csproj", "{95D28477-05FE-4450-86B8-D7384202AB90}"
EndProject
Project("{2150E333-8FDC-42A3-9474-1A3956D46DE8}") = "template_feed", "template_feed", "{7272B385-2422-4C57-8C1B-65C12250D8FF}"
EndProject
Project("{FAE04EC0-301F-11D3-BF4B-00C04F79EFBC}") = "Microsoft.DotNet.Common.ProjectTemplates.6.0", "template_feed\Microsoft.DotNet.Common.ProjectTemplates.6.0\Microsoft.DotNet.Common.ProjectTemplates.6.0.csproj", "{1DADD24C-5BEF-400D-9C96-8092857D346A}"
EndProject
Global
	GlobalSection(SolutionConfigurationPlatforms) = preSolution
		Debug|Any CPU = Debug|Any CPU
		Debug|x64 = Debug|x64
		Debug|x86 = Debug|x86
		Release|Any CPU = Release|Any CPU
		Release|x64 = Release|x64
		Release|x86 = Release|x86
	EndGlobalSection
	GlobalSection(ProjectConfigurationPlatforms) = postSolution
		{72213E25-DEA2-4A6F-9FA9-AC03F3DE7DCF}.Debug|Any CPU.ActiveCfg = Debug|Any CPU
		{72213E25-DEA2-4A6F-9FA9-AC03F3DE7DCF}.Debug|Any CPU.Build.0 = Debug|Any CPU
		{72213E25-DEA2-4A6F-9FA9-AC03F3DE7DCF}.Debug|x64.ActiveCfg = Debug|Any CPU
		{72213E25-DEA2-4A6F-9FA9-AC03F3DE7DCF}.Debug|x64.Build.0 = Debug|Any CPU
		{72213E25-DEA2-4A6F-9FA9-AC03F3DE7DCF}.Debug|x86.ActiveCfg = Debug|Any CPU
		{72213E25-DEA2-4A6F-9FA9-AC03F3DE7DCF}.Debug|x86.Build.0 = Debug|Any CPU
		{72213E25-DEA2-4A6F-9FA9-AC03F3DE7DCF}.Release|Any CPU.ActiveCfg = Release|Any CPU
		{72213E25-DEA2-4A6F-9FA9-AC03F3DE7DCF}.Release|Any CPU.Build.0 = Release|Any CPU
		{72213E25-DEA2-4A6F-9FA9-AC03F3DE7DCF}.Release|x64.ActiveCfg = Release|Any CPU
		{72213E25-DEA2-4A6F-9FA9-AC03F3DE7DCF}.Release|x64.Build.0 = Release|Any CPU
		{72213E25-DEA2-4A6F-9FA9-AC03F3DE7DCF}.Release|x86.ActiveCfg = Release|Any CPU
		{72213E25-DEA2-4A6F-9FA9-AC03F3DE7DCF}.Release|x86.Build.0 = Release|Any CPU
		{0C92EDA7-492F-4CBA-9F36-61932CA5C1F4}.Debug|Any CPU.ActiveCfg = Debug|Any CPU
		{0C92EDA7-492F-4CBA-9F36-61932CA5C1F4}.Debug|Any CPU.Build.0 = Debug|Any CPU
		{0C92EDA7-492F-4CBA-9F36-61932CA5C1F4}.Debug|x64.ActiveCfg = Debug|Any CPU
		{0C92EDA7-492F-4CBA-9F36-61932CA5C1F4}.Debug|x64.Build.0 = Debug|Any CPU
		{0C92EDA7-492F-4CBA-9F36-61932CA5C1F4}.Debug|x86.ActiveCfg = Debug|Any CPU
		{0C92EDA7-492F-4CBA-9F36-61932CA5C1F4}.Debug|x86.Build.0 = Debug|Any CPU
		{0C92EDA7-492F-4CBA-9F36-61932CA5C1F4}.Release|Any CPU.ActiveCfg = Release|Any CPU
		{0C92EDA7-492F-4CBA-9F36-61932CA5C1F4}.Release|Any CPU.Build.0 = Release|Any CPU
		{0C92EDA7-492F-4CBA-9F36-61932CA5C1F4}.Release|x64.ActiveCfg = Release|Any CPU
		{0C92EDA7-492F-4CBA-9F36-61932CA5C1F4}.Release|x64.Build.0 = Release|Any CPU
		{0C92EDA7-492F-4CBA-9F36-61932CA5C1F4}.Release|x86.ActiveCfg = Release|Any CPU
		{0C92EDA7-492F-4CBA-9F36-61932CA5C1F4}.Release|x86.Build.0 = Release|Any CPU
		{578CE255-E412-4CC7-9A03-1EDCA522DA27}.Debug|Any CPU.ActiveCfg = Debug|Any CPU
		{578CE255-E412-4CC7-9A03-1EDCA522DA27}.Debug|Any CPU.Build.0 = Debug|Any CPU
		{578CE255-E412-4CC7-9A03-1EDCA522DA27}.Debug|x64.ActiveCfg = Debug|Any CPU
		{578CE255-E412-4CC7-9A03-1EDCA522DA27}.Debug|x64.Build.0 = Debug|Any CPU
		{578CE255-E412-4CC7-9A03-1EDCA522DA27}.Debug|x86.ActiveCfg = Debug|Any CPU
		{578CE255-E412-4CC7-9A03-1EDCA522DA27}.Debug|x86.Build.0 = Debug|Any CPU
		{578CE255-E412-4CC7-9A03-1EDCA522DA27}.Release|Any CPU.ActiveCfg = Release|Any CPU
		{578CE255-E412-4CC7-9A03-1EDCA522DA27}.Release|Any CPU.Build.0 = Release|Any CPU
		{578CE255-E412-4CC7-9A03-1EDCA522DA27}.Release|x64.ActiveCfg = Release|Any CPU
		{578CE255-E412-4CC7-9A03-1EDCA522DA27}.Release|x64.Build.0 = Release|Any CPU
		{578CE255-E412-4CC7-9A03-1EDCA522DA27}.Release|x86.ActiveCfg = Release|Any CPU
		{578CE255-E412-4CC7-9A03-1EDCA522DA27}.Release|x86.Build.0 = Release|Any CPU
		{62BD1600-18A2-400E-94F5-C33BBD67CA97}.Debug|Any CPU.ActiveCfg = Debug|Any CPU
		{62BD1600-18A2-400E-94F5-C33BBD67CA97}.Debug|Any CPU.Build.0 = Debug|Any CPU
		{62BD1600-18A2-400E-94F5-C33BBD67CA97}.Debug|x64.ActiveCfg = Debug|Any CPU
		{62BD1600-18A2-400E-94F5-C33BBD67CA97}.Debug|x64.Build.0 = Debug|Any CPU
		{62BD1600-18A2-400E-94F5-C33BBD67CA97}.Debug|x86.ActiveCfg = Debug|Any CPU
		{62BD1600-18A2-400E-94F5-C33BBD67CA97}.Debug|x86.Build.0 = Debug|Any CPU
		{62BD1600-18A2-400E-94F5-C33BBD67CA97}.Release|Any CPU.ActiveCfg = Release|Any CPU
		{62BD1600-18A2-400E-94F5-C33BBD67CA97}.Release|Any CPU.Build.0 = Release|Any CPU
		{62BD1600-18A2-400E-94F5-C33BBD67CA97}.Release|x64.ActiveCfg = Release|Any CPU
		{62BD1600-18A2-400E-94F5-C33BBD67CA97}.Release|x64.Build.0 = Release|Any CPU
		{62BD1600-18A2-400E-94F5-C33BBD67CA97}.Release|x86.ActiveCfg = Release|Any CPU
		{62BD1600-18A2-400E-94F5-C33BBD67CA97}.Release|x86.Build.0 = Release|Any CPU
		{E22B59BD-A658-4E32-9407-C8D9570B9FDF}.Debug|Any CPU.ActiveCfg = Debug|Any CPU
		{E22B59BD-A658-4E32-9407-C8D9570B9FDF}.Debug|Any CPU.Build.0 = Debug|Any CPU
		{E22B59BD-A658-4E32-9407-C8D9570B9FDF}.Debug|x64.ActiveCfg = Debug|Any CPU
		{E22B59BD-A658-4E32-9407-C8D9570B9FDF}.Debug|x64.Build.0 = Debug|Any CPU
		{E22B59BD-A658-4E32-9407-C8D9570B9FDF}.Debug|x86.ActiveCfg = Debug|Any CPU
		{E22B59BD-A658-4E32-9407-C8D9570B9FDF}.Debug|x86.Build.0 = Debug|Any CPU
		{E22B59BD-A658-4E32-9407-C8D9570B9FDF}.Release|Any CPU.ActiveCfg = Release|Any CPU
		{E22B59BD-A658-4E32-9407-C8D9570B9FDF}.Release|Any CPU.Build.0 = Release|Any CPU
		{E22B59BD-A658-4E32-9407-C8D9570B9FDF}.Release|x64.ActiveCfg = Release|Any CPU
		{E22B59BD-A658-4E32-9407-C8D9570B9FDF}.Release|x64.Build.0 = Release|Any CPU
		{E22B59BD-A658-4E32-9407-C8D9570B9FDF}.Release|x86.ActiveCfg = Release|Any CPU
		{E22B59BD-A658-4E32-9407-C8D9570B9FDF}.Release|x86.Build.0 = Release|Any CPU
		{A86924AE-4B77-47A8-A690-EDA395F075A9}.Debug|Any CPU.ActiveCfg = Debug|Any CPU
		{A86924AE-4B77-47A8-A690-EDA395F075A9}.Debug|Any CPU.Build.0 = Debug|Any CPU
		{A86924AE-4B77-47A8-A690-EDA395F075A9}.Debug|x64.ActiveCfg = Debug|Any CPU
		{A86924AE-4B77-47A8-A690-EDA395F075A9}.Debug|x64.Build.0 = Debug|Any CPU
		{A86924AE-4B77-47A8-A690-EDA395F075A9}.Debug|x86.ActiveCfg = Debug|Any CPU
		{A86924AE-4B77-47A8-A690-EDA395F075A9}.Debug|x86.Build.0 = Debug|Any CPU
		{A86924AE-4B77-47A8-A690-EDA395F075A9}.Release|Any CPU.ActiveCfg = Release|Any CPU
		{A86924AE-4B77-47A8-A690-EDA395F075A9}.Release|Any CPU.Build.0 = Release|Any CPU
		{A86924AE-4B77-47A8-A690-EDA395F075A9}.Release|x64.ActiveCfg = Release|Any CPU
		{A86924AE-4B77-47A8-A690-EDA395F075A9}.Release|x64.Build.0 = Release|Any CPU
		{A86924AE-4B77-47A8-A690-EDA395F075A9}.Release|x86.ActiveCfg = Release|Any CPU
		{A86924AE-4B77-47A8-A690-EDA395F075A9}.Release|x86.Build.0 = Release|Any CPU
		{9FCFAD2A-061E-4FC0-848E-F0E8AA03676D}.Debug|Any CPU.ActiveCfg = Debug|Any CPU
		{9FCFAD2A-061E-4FC0-848E-F0E8AA03676D}.Debug|Any CPU.Build.0 = Debug|Any CPU
		{9FCFAD2A-061E-4FC0-848E-F0E8AA03676D}.Debug|x64.ActiveCfg = Debug|Any CPU
		{9FCFAD2A-061E-4FC0-848E-F0E8AA03676D}.Debug|x64.Build.0 = Debug|Any CPU
		{9FCFAD2A-061E-4FC0-848E-F0E8AA03676D}.Debug|x86.ActiveCfg = Debug|Any CPU
		{9FCFAD2A-061E-4FC0-848E-F0E8AA03676D}.Debug|x86.Build.0 = Debug|Any CPU
		{9FCFAD2A-061E-4FC0-848E-F0E8AA03676D}.Release|Any CPU.ActiveCfg = Release|Any CPU
		{9FCFAD2A-061E-4FC0-848E-F0E8AA03676D}.Release|Any CPU.Build.0 = Release|Any CPU
		{9FCFAD2A-061E-4FC0-848E-F0E8AA03676D}.Release|x64.ActiveCfg = Release|Any CPU
		{9FCFAD2A-061E-4FC0-848E-F0E8AA03676D}.Release|x64.Build.0 = Release|Any CPU
		{9FCFAD2A-061E-4FC0-848E-F0E8AA03676D}.Release|x86.ActiveCfg = Release|Any CPU
		{9FCFAD2A-061E-4FC0-848E-F0E8AA03676D}.Release|x86.Build.0 = Release|Any CPU
		{62BD1609-18A2-400E-94F5-C33BBD67CA97}.Debug|Any CPU.ActiveCfg = Debug|Any CPU
		{62BD1609-18A2-400E-94F5-C33BBD67CA97}.Debug|Any CPU.Build.0 = Debug|Any CPU
		{62BD1609-18A2-400E-94F5-C33BBD67CA97}.Debug|x64.ActiveCfg = Debug|Any CPU
		{62BD1609-18A2-400E-94F5-C33BBD67CA97}.Debug|x64.Build.0 = Debug|Any CPU
		{62BD1609-18A2-400E-94F5-C33BBD67CA97}.Debug|x86.ActiveCfg = Debug|Any CPU
		{62BD1609-18A2-400E-94F5-C33BBD67CA97}.Debug|x86.Build.0 = Debug|Any CPU
		{62BD1609-18A2-400E-94F5-C33BBD67CA97}.Release|Any CPU.ActiveCfg = Release|Any CPU
		{62BD1609-18A2-400E-94F5-C33BBD67CA97}.Release|Any CPU.Build.0 = Release|Any CPU
		{62BD1609-18A2-400E-94F5-C33BBD67CA97}.Release|x64.ActiveCfg = Release|Any CPU
		{62BD1609-18A2-400E-94F5-C33BBD67CA97}.Release|x64.Build.0 = Release|Any CPU
		{62BD1609-18A2-400E-94F5-C33BBD67CA97}.Release|x86.ActiveCfg = Release|Any CPU
		{62BD1609-18A2-400E-94F5-C33BBD67CA97}.Release|x86.Build.0 = Release|Any CPU
		{865B29F0-BDBF-4CF6-A6F2-C41CD2F00A56}.Debug|Any CPU.ActiveCfg = Debug|Any CPU
		{865B29F0-BDBF-4CF6-A6F2-C41CD2F00A56}.Debug|Any CPU.Build.0 = Debug|Any CPU
		{865B29F0-BDBF-4CF6-A6F2-C41CD2F00A56}.Debug|x64.ActiveCfg = Debug|Any CPU
		{865B29F0-BDBF-4CF6-A6F2-C41CD2F00A56}.Debug|x64.Build.0 = Debug|Any CPU
		{865B29F0-BDBF-4CF6-A6F2-C41CD2F00A56}.Debug|x86.ActiveCfg = Debug|Any CPU
		{865B29F0-BDBF-4CF6-A6F2-C41CD2F00A56}.Debug|x86.Build.0 = Debug|Any CPU
		{865B29F0-BDBF-4CF6-A6F2-C41CD2F00A56}.Release|Any CPU.ActiveCfg = Release|Any CPU
		{865B29F0-BDBF-4CF6-A6F2-C41CD2F00A56}.Release|Any CPU.Build.0 = Release|Any CPU
		{865B29F0-BDBF-4CF6-A6F2-C41CD2F00A56}.Release|x64.ActiveCfg = Release|Any CPU
		{865B29F0-BDBF-4CF6-A6F2-C41CD2F00A56}.Release|x64.Build.0 = Release|Any CPU
		{865B29F0-BDBF-4CF6-A6F2-C41CD2F00A56}.Release|x86.ActiveCfg = Release|Any CPU
		{865B29F0-BDBF-4CF6-A6F2-C41CD2F00A56}.Release|x86.Build.0 = Release|Any CPU
		{D9B16B88-4B85-4208-8F1C-39DFB248250C}.Debug|Any CPU.ActiveCfg = Debug|Any CPU
		{D9B16B88-4B85-4208-8F1C-39DFB248250C}.Debug|Any CPU.Build.0 = Debug|Any CPU
		{D9B16B88-4B85-4208-8F1C-39DFB248250C}.Debug|x64.ActiveCfg = Debug|Any CPU
		{D9B16B88-4B85-4208-8F1C-39DFB248250C}.Debug|x64.Build.0 = Debug|Any CPU
		{D9B16B88-4B85-4208-8F1C-39DFB248250C}.Debug|x86.ActiveCfg = Debug|Any CPU
		{D9B16B88-4B85-4208-8F1C-39DFB248250C}.Debug|x86.Build.0 = Debug|Any CPU
		{D9B16B88-4B85-4208-8F1C-39DFB248250C}.Release|Any CPU.ActiveCfg = Release|Any CPU
		{D9B16B88-4B85-4208-8F1C-39DFB248250C}.Release|Any CPU.Build.0 = Release|Any CPU
		{D9B16B88-4B85-4208-8F1C-39DFB248250C}.Release|x64.ActiveCfg = Release|Any CPU
		{D9B16B88-4B85-4208-8F1C-39DFB248250C}.Release|x64.Build.0 = Release|Any CPU
		{D9B16B88-4B85-4208-8F1C-39DFB248250C}.Release|x86.ActiveCfg = Release|Any CPU
		{D9B16B88-4B85-4208-8F1C-39DFB248250C}.Release|x86.Build.0 = Release|Any CPU
		{FCB1B0F2-3067-4FE8-8A98-5EC80F38D534}.Debug|Any CPU.ActiveCfg = Debug|Any CPU
		{FCB1B0F2-3067-4FE8-8A98-5EC80F38D534}.Debug|Any CPU.Build.0 = Debug|Any CPU
		{FCB1B0F2-3067-4FE8-8A98-5EC80F38D534}.Debug|x64.ActiveCfg = Debug|Any CPU
		{FCB1B0F2-3067-4FE8-8A98-5EC80F38D534}.Debug|x64.Build.0 = Debug|Any CPU
		{FCB1B0F2-3067-4FE8-8A98-5EC80F38D534}.Debug|x86.ActiveCfg = Debug|Any CPU
		{FCB1B0F2-3067-4FE8-8A98-5EC80F38D534}.Debug|x86.Build.0 = Debug|Any CPU
		{FCB1B0F2-3067-4FE8-8A98-5EC80F38D534}.Release|Any CPU.ActiveCfg = Release|Any CPU
		{FCB1B0F2-3067-4FE8-8A98-5EC80F38D534}.Release|Any CPU.Build.0 = Release|Any CPU
		{FCB1B0F2-3067-4FE8-8A98-5EC80F38D534}.Release|x64.ActiveCfg = Release|Any CPU
		{FCB1B0F2-3067-4FE8-8A98-5EC80F38D534}.Release|x64.Build.0 = Release|Any CPU
		{FCB1B0F2-3067-4FE8-8A98-5EC80F38D534}.Release|x86.ActiveCfg = Release|Any CPU
		{FCB1B0F2-3067-4FE8-8A98-5EC80F38D534}.Release|x86.Build.0 = Release|Any CPU
		{23BE51C6-05FD-4573-A5D7-428B290BC9E0}.Debug|Any CPU.ActiveCfg = Debug|Any CPU
		{23BE51C6-05FD-4573-A5D7-428B290BC9E0}.Debug|Any CPU.Build.0 = Debug|Any CPU
		{23BE51C6-05FD-4573-A5D7-428B290BC9E0}.Debug|x64.ActiveCfg = Debug|Any CPU
		{23BE51C6-05FD-4573-A5D7-428B290BC9E0}.Debug|x64.Build.0 = Debug|Any CPU
		{23BE51C6-05FD-4573-A5D7-428B290BC9E0}.Debug|x86.ActiveCfg = Debug|Any CPU
		{23BE51C6-05FD-4573-A5D7-428B290BC9E0}.Debug|x86.Build.0 = Debug|Any CPU
		{23BE51C6-05FD-4573-A5D7-428B290BC9E0}.Release|Any CPU.ActiveCfg = Release|Any CPU
		{23BE51C6-05FD-4573-A5D7-428B290BC9E0}.Release|Any CPU.Build.0 = Release|Any CPU
		{23BE51C6-05FD-4573-A5D7-428B290BC9E0}.Release|x64.ActiveCfg = Release|Any CPU
		{23BE51C6-05FD-4573-A5D7-428B290BC9E0}.Release|x64.Build.0 = Release|Any CPU
		{23BE51C6-05FD-4573-A5D7-428B290BC9E0}.Release|x86.ActiveCfg = Release|Any CPU
		{23BE51C6-05FD-4573-A5D7-428B290BC9E0}.Release|x86.Build.0 = Release|Any CPU
		{B87FEC58-7768-4AF0-A6BF-1F95F8A37B2F}.Debug|Any CPU.ActiveCfg = Debug|Any CPU
		{B87FEC58-7768-4AF0-A6BF-1F95F8A37B2F}.Debug|Any CPU.Build.0 = Debug|Any CPU
		{B87FEC58-7768-4AF0-A6BF-1F95F8A37B2F}.Debug|x64.ActiveCfg = Debug|Any CPU
		{B87FEC58-7768-4AF0-A6BF-1F95F8A37B2F}.Debug|x64.Build.0 = Debug|Any CPU
		{B87FEC58-7768-4AF0-A6BF-1F95F8A37B2F}.Debug|x86.ActiveCfg = Debug|Any CPU
		{B87FEC58-7768-4AF0-A6BF-1F95F8A37B2F}.Debug|x86.Build.0 = Debug|Any CPU
		{B87FEC58-7768-4AF0-A6BF-1F95F8A37B2F}.Release|Any CPU.ActiveCfg = Release|Any CPU
		{B87FEC58-7768-4AF0-A6BF-1F95F8A37B2F}.Release|Any CPU.Build.0 = Release|Any CPU
		{B87FEC58-7768-4AF0-A6BF-1F95F8A37B2F}.Release|x64.ActiveCfg = Release|Any CPU
		{B87FEC58-7768-4AF0-A6BF-1F95F8A37B2F}.Release|x64.Build.0 = Release|Any CPU
		{B87FEC58-7768-4AF0-A6BF-1F95F8A37B2F}.Release|x86.ActiveCfg = Release|Any CPU
		{B87FEC58-7768-4AF0-A6BF-1F95F8A37B2F}.Release|x86.Build.0 = Release|Any CPU
		{7F621994-57DC-4AD9-8F0A-7F42B7F6F370}.Debug|Any CPU.ActiveCfg = Debug|Any CPU
		{7F621994-57DC-4AD9-8F0A-7F42B7F6F370}.Debug|Any CPU.Build.0 = Debug|Any CPU
		{7F621994-57DC-4AD9-8F0A-7F42B7F6F370}.Debug|x64.ActiveCfg = Debug|Any CPU
		{7F621994-57DC-4AD9-8F0A-7F42B7F6F370}.Debug|x64.Build.0 = Debug|Any CPU
		{7F621994-57DC-4AD9-8F0A-7F42B7F6F370}.Debug|x86.ActiveCfg = Debug|Any CPU
		{7F621994-57DC-4AD9-8F0A-7F42B7F6F370}.Debug|x86.Build.0 = Debug|Any CPU
		{7F621994-57DC-4AD9-8F0A-7F42B7F6F370}.Release|Any CPU.ActiveCfg = Release|Any CPU
		{7F621994-57DC-4AD9-8F0A-7F42B7F6F370}.Release|Any CPU.Build.0 = Release|Any CPU
		{7F621994-57DC-4AD9-8F0A-7F42B7F6F370}.Release|x64.ActiveCfg = Release|Any CPU
		{7F621994-57DC-4AD9-8F0A-7F42B7F6F370}.Release|x64.Build.0 = Release|Any CPU
		{7F621994-57DC-4AD9-8F0A-7F42B7F6F370}.Release|x86.ActiveCfg = Release|Any CPU
		{7F621994-57DC-4AD9-8F0A-7F42B7F6F370}.Release|x86.Build.0 = Release|Any CPU
		{D26D7FC1-3DCD-434C-8261-63FCCEF27278}.Debug|Any CPU.ActiveCfg = Debug|Any CPU
		{D26D7FC1-3DCD-434C-8261-63FCCEF27278}.Debug|Any CPU.Build.0 = Debug|Any CPU
		{D26D7FC1-3DCD-434C-8261-63FCCEF27278}.Debug|x64.ActiveCfg = Debug|Any CPU
		{D26D7FC1-3DCD-434C-8261-63FCCEF27278}.Debug|x64.Build.0 = Debug|Any CPU
		{D26D7FC1-3DCD-434C-8261-63FCCEF27278}.Debug|x86.ActiveCfg = Debug|Any CPU
		{D26D7FC1-3DCD-434C-8261-63FCCEF27278}.Debug|x86.Build.0 = Debug|Any CPU
		{D26D7FC1-3DCD-434C-8261-63FCCEF27278}.Release|Any CPU.ActiveCfg = Release|Any CPU
		{D26D7FC1-3DCD-434C-8261-63FCCEF27278}.Release|Any CPU.Build.0 = Release|Any CPU
		{D26D7FC1-3DCD-434C-8261-63FCCEF27278}.Release|x64.ActiveCfg = Release|Any CPU
		{D26D7FC1-3DCD-434C-8261-63FCCEF27278}.Release|x64.Build.0 = Release|Any CPU
		{D26D7FC1-3DCD-434C-8261-63FCCEF27278}.Release|x86.ActiveCfg = Release|Any CPU
		{D26D7FC1-3DCD-434C-8261-63FCCEF27278}.Release|x86.Build.0 = Release|Any CPU
		{8596D7A3-DE37-45B2-ACC1-38CA62BAE295}.Debug|Any CPU.ActiveCfg = Debug|Any CPU
		{8596D7A3-DE37-45B2-ACC1-38CA62BAE295}.Debug|Any CPU.Build.0 = Debug|Any CPU
		{8596D7A3-DE37-45B2-ACC1-38CA62BAE295}.Debug|x64.ActiveCfg = Debug|Any CPU
		{8596D7A3-DE37-45B2-ACC1-38CA62BAE295}.Debug|x64.Build.0 = Debug|Any CPU
		{8596D7A3-DE37-45B2-ACC1-38CA62BAE295}.Debug|x86.ActiveCfg = Debug|Any CPU
		{8596D7A3-DE37-45B2-ACC1-38CA62BAE295}.Debug|x86.Build.0 = Debug|Any CPU
		{8596D7A3-DE37-45B2-ACC1-38CA62BAE295}.Release|Any CPU.ActiveCfg = Release|Any CPU
		{8596D7A3-DE37-45B2-ACC1-38CA62BAE295}.Release|Any CPU.Build.0 = Release|Any CPU
		{8596D7A3-DE37-45B2-ACC1-38CA62BAE295}.Release|x64.ActiveCfg = Release|Any CPU
		{8596D7A3-DE37-45B2-ACC1-38CA62BAE295}.Release|x64.Build.0 = Release|Any CPU
		{8596D7A3-DE37-45B2-ACC1-38CA62BAE295}.Release|x86.ActiveCfg = Release|Any CPU
		{8596D7A3-DE37-45B2-ACC1-38CA62BAE295}.Release|x86.Build.0 = Release|Any CPU
		{21B88A8F-5954-4D24-9965-A221E06A6185}.Debug|Any CPU.ActiveCfg = Debug|Any CPU
		{21B88A8F-5954-4D24-9965-A221E06A6185}.Debug|Any CPU.Build.0 = Debug|Any CPU
		{21B88A8F-5954-4D24-9965-A221E06A6185}.Debug|x64.ActiveCfg = Debug|Any CPU
		{21B88A8F-5954-4D24-9965-A221E06A6185}.Debug|x64.Build.0 = Debug|Any CPU
		{21B88A8F-5954-4D24-9965-A221E06A6185}.Debug|x86.ActiveCfg = Debug|Any CPU
		{21B88A8F-5954-4D24-9965-A221E06A6185}.Debug|x86.Build.0 = Debug|Any CPU
		{21B88A8F-5954-4D24-9965-A221E06A6185}.Release|Any CPU.ActiveCfg = Release|Any CPU
		{21B88A8F-5954-4D24-9965-A221E06A6185}.Release|Any CPU.Build.0 = Release|Any CPU
		{21B88A8F-5954-4D24-9965-A221E06A6185}.Release|x64.ActiveCfg = Release|Any CPU
		{21B88A8F-5954-4D24-9965-A221E06A6185}.Release|x64.Build.0 = Release|Any CPU
		{21B88A8F-5954-4D24-9965-A221E06A6185}.Release|x86.ActiveCfg = Release|Any CPU
		{21B88A8F-5954-4D24-9965-A221E06A6185}.Release|x86.Build.0 = Release|Any CPU
		{C416006F-FAE9-4263-8290-81B2AA81E024}.Debug|Any CPU.ActiveCfg = Debug|Any CPU
		{C416006F-FAE9-4263-8290-81B2AA81E024}.Debug|Any CPU.Build.0 = Debug|Any CPU
		{C416006F-FAE9-4263-8290-81B2AA81E024}.Debug|x64.ActiveCfg = Debug|Any CPU
		{C416006F-FAE9-4263-8290-81B2AA81E024}.Debug|x64.Build.0 = Debug|Any CPU
		{C416006F-FAE9-4263-8290-81B2AA81E024}.Debug|x86.ActiveCfg = Debug|Any CPU
		{C416006F-FAE9-4263-8290-81B2AA81E024}.Debug|x86.Build.0 = Debug|Any CPU
		{C416006F-FAE9-4263-8290-81B2AA81E024}.Release|Any CPU.ActiveCfg = Release|Any CPU
		{C416006F-FAE9-4263-8290-81B2AA81E024}.Release|Any CPU.Build.0 = Release|Any CPU
		{C416006F-FAE9-4263-8290-81B2AA81E024}.Release|x64.ActiveCfg = Release|Any CPU
		{C416006F-FAE9-4263-8290-81B2AA81E024}.Release|x64.Build.0 = Release|Any CPU
		{C416006F-FAE9-4263-8290-81B2AA81E024}.Release|x86.ActiveCfg = Release|Any CPU
		{C416006F-FAE9-4263-8290-81B2AA81E024}.Release|x86.Build.0 = Release|Any CPU
		{D3B88572-AF3B-4780-8DB5-A510F88E7BD5}.Debug|Any CPU.ActiveCfg = Debug|Any CPU
		{D3B88572-AF3B-4780-8DB5-A510F88E7BD5}.Debug|Any CPU.Build.0 = Debug|Any CPU
		{D3B88572-AF3B-4780-8DB5-A510F88E7BD5}.Debug|x64.ActiveCfg = Debug|Any CPU
		{D3B88572-AF3B-4780-8DB5-A510F88E7BD5}.Debug|x64.Build.0 = Debug|Any CPU
		{D3B88572-AF3B-4780-8DB5-A510F88E7BD5}.Debug|x86.ActiveCfg = Debug|Any CPU
		{D3B88572-AF3B-4780-8DB5-A510F88E7BD5}.Debug|x86.Build.0 = Debug|Any CPU
		{D3B88572-AF3B-4780-8DB5-A510F88E7BD5}.Release|Any CPU.ActiveCfg = Release|Any CPU
		{D3B88572-AF3B-4780-8DB5-A510F88E7BD5}.Release|Any CPU.Build.0 = Release|Any CPU
		{D3B88572-AF3B-4780-8DB5-A510F88E7BD5}.Release|x64.ActiveCfg = Release|Any CPU
		{D3B88572-AF3B-4780-8DB5-A510F88E7BD5}.Release|x64.Build.0 = Release|Any CPU
		{D3B88572-AF3B-4780-8DB5-A510F88E7BD5}.Release|x86.ActiveCfg = Release|Any CPU
		{D3B88572-AF3B-4780-8DB5-A510F88E7BD5}.Release|x86.Build.0 = Release|Any CPU
		{663873E2-DB0A-4FDD-88D5-1DCE94A4FECB}.Debug|Any CPU.ActiveCfg = Debug|Any CPU
		{663873E2-DB0A-4FDD-88D5-1DCE94A4FECB}.Debug|Any CPU.Build.0 = Debug|Any CPU
		{663873E2-DB0A-4FDD-88D5-1DCE94A4FECB}.Debug|x64.ActiveCfg = Debug|Any CPU
		{663873E2-DB0A-4FDD-88D5-1DCE94A4FECB}.Debug|x64.Build.0 = Debug|Any CPU
		{663873E2-DB0A-4FDD-88D5-1DCE94A4FECB}.Debug|x86.ActiveCfg = Debug|Any CPU
		{663873E2-DB0A-4FDD-88D5-1DCE94A4FECB}.Debug|x86.Build.0 = Debug|Any CPU
		{663873E2-DB0A-4FDD-88D5-1DCE94A4FECB}.Release|Any CPU.ActiveCfg = Release|Any CPU
		{663873E2-DB0A-4FDD-88D5-1DCE94A4FECB}.Release|Any CPU.Build.0 = Release|Any CPU
		{663873E2-DB0A-4FDD-88D5-1DCE94A4FECB}.Release|x64.ActiveCfg = Release|Any CPU
		{663873E2-DB0A-4FDD-88D5-1DCE94A4FECB}.Release|x64.Build.0 = Release|Any CPU
		{663873E2-DB0A-4FDD-88D5-1DCE94A4FECB}.Release|x86.ActiveCfg = Release|Any CPU
		{663873E2-DB0A-4FDD-88D5-1DCE94A4FECB}.Release|x86.Build.0 = Release|Any CPU
		{D039B509-5C0F-43B3-A985-066B0D71866B}.Debug|Any CPU.ActiveCfg = Debug|Any CPU
		{D039B509-5C0F-43B3-A985-066B0D71866B}.Debug|Any CPU.Build.0 = Debug|Any CPU
		{D039B509-5C0F-43B3-A985-066B0D71866B}.Debug|x64.ActiveCfg = Debug|Any CPU
		{D039B509-5C0F-43B3-A985-066B0D71866B}.Debug|x64.Build.0 = Debug|Any CPU
		{D039B509-5C0F-43B3-A985-066B0D71866B}.Debug|x86.ActiveCfg = Debug|Any CPU
		{D039B509-5C0F-43B3-A985-066B0D71866B}.Debug|x86.Build.0 = Debug|Any CPU
		{D039B509-5C0F-43B3-A985-066B0D71866B}.Release|Any CPU.ActiveCfg = Release|Any CPU
		{D039B509-5C0F-43B3-A985-066B0D71866B}.Release|Any CPU.Build.0 = Release|Any CPU
		{D039B509-5C0F-43B3-A985-066B0D71866B}.Release|x64.ActiveCfg = Release|Any CPU
		{D039B509-5C0F-43B3-A985-066B0D71866B}.Release|x64.Build.0 = Release|Any CPU
		{D039B509-5C0F-43B3-A985-066B0D71866B}.Release|x86.ActiveCfg = Release|Any CPU
		{D039B509-5C0F-43B3-A985-066B0D71866B}.Release|x86.Build.0 = Release|Any CPU
		{D2B54F3C-F18A-4D57-B4B3-0DB0A3FC2E92}.Debug|Any CPU.ActiveCfg = Debug|Any CPU
		{D2B54F3C-F18A-4D57-B4B3-0DB0A3FC2E92}.Debug|Any CPU.Build.0 = Debug|Any CPU
		{D2B54F3C-F18A-4D57-B4B3-0DB0A3FC2E92}.Debug|x64.ActiveCfg = Debug|Any CPU
		{D2B54F3C-F18A-4D57-B4B3-0DB0A3FC2E92}.Debug|x64.Build.0 = Debug|Any CPU
		{D2B54F3C-F18A-4D57-B4B3-0DB0A3FC2E92}.Debug|x86.ActiveCfg = Debug|Any CPU
		{D2B54F3C-F18A-4D57-B4B3-0DB0A3FC2E92}.Debug|x86.Build.0 = Debug|Any CPU
		{D2B54F3C-F18A-4D57-B4B3-0DB0A3FC2E92}.Release|Any CPU.ActiveCfg = Release|Any CPU
		{D2B54F3C-F18A-4D57-B4B3-0DB0A3FC2E92}.Release|Any CPU.Build.0 = Release|Any CPU
		{D2B54F3C-F18A-4D57-B4B3-0DB0A3FC2E92}.Release|x64.ActiveCfg = Release|Any CPU
		{D2B54F3C-F18A-4D57-B4B3-0DB0A3FC2E92}.Release|x64.Build.0 = Release|Any CPU
		{D2B54F3C-F18A-4D57-B4B3-0DB0A3FC2E92}.Release|x86.ActiveCfg = Release|Any CPU
		{D2B54F3C-F18A-4D57-B4B3-0DB0A3FC2E92}.Release|x86.Build.0 = Release|Any CPU
		{0546F84E-5503-476C-A212-E8FA55ABC5C3}.Debug|Any CPU.ActiveCfg = Debug|Any CPU
		{0546F84E-5503-476C-A212-E8FA55ABC5C3}.Debug|Any CPU.Build.0 = Debug|Any CPU
		{0546F84E-5503-476C-A212-E8FA55ABC5C3}.Debug|x64.ActiveCfg = Debug|Any CPU
		{0546F84E-5503-476C-A212-E8FA55ABC5C3}.Debug|x64.Build.0 = Debug|Any CPU
		{0546F84E-5503-476C-A212-E8FA55ABC5C3}.Debug|x86.ActiveCfg = Debug|Any CPU
		{0546F84E-5503-476C-A212-E8FA55ABC5C3}.Debug|x86.Build.0 = Debug|Any CPU
		{0546F84E-5503-476C-A212-E8FA55ABC5C3}.Release|Any CPU.ActiveCfg = Release|Any CPU
		{0546F84E-5503-476C-A212-E8FA55ABC5C3}.Release|Any CPU.Build.0 = Release|Any CPU
		{0546F84E-5503-476C-A212-E8FA55ABC5C3}.Release|x64.ActiveCfg = Release|Any CPU
		{0546F84E-5503-476C-A212-E8FA55ABC5C3}.Release|x64.Build.0 = Release|Any CPU
		{0546F84E-5503-476C-A212-E8FA55ABC5C3}.Release|x86.ActiveCfg = Release|Any CPU
		{0546F84E-5503-476C-A212-E8FA55ABC5C3}.Release|x86.Build.0 = Release|Any CPU
		{81EC3B4C-FE0F-4ECD-B85B-946BB012FF40}.Debug|Any CPU.ActiveCfg = Debug|Any CPU
		{81EC3B4C-FE0F-4ECD-B85B-946BB012FF40}.Debug|Any CPU.Build.0 = Debug|Any CPU
		{81EC3B4C-FE0F-4ECD-B85B-946BB012FF40}.Debug|x64.ActiveCfg = Debug|Any CPU
		{81EC3B4C-FE0F-4ECD-B85B-946BB012FF40}.Debug|x64.Build.0 = Debug|Any CPU
		{81EC3B4C-FE0F-4ECD-B85B-946BB012FF40}.Debug|x86.ActiveCfg = Debug|Any CPU
		{81EC3B4C-FE0F-4ECD-B85B-946BB012FF40}.Debug|x86.Build.0 = Debug|Any CPU
		{81EC3B4C-FE0F-4ECD-B85B-946BB012FF40}.Release|Any CPU.ActiveCfg = Release|Any CPU
		{81EC3B4C-FE0F-4ECD-B85B-946BB012FF40}.Release|Any CPU.Build.0 = Release|Any CPU
		{81EC3B4C-FE0F-4ECD-B85B-946BB012FF40}.Release|x64.ActiveCfg = Release|Any CPU
		{81EC3B4C-FE0F-4ECD-B85B-946BB012FF40}.Release|x64.Build.0 = Release|Any CPU
		{81EC3B4C-FE0F-4ECD-B85B-946BB012FF40}.Release|x86.ActiveCfg = Release|Any CPU
		{81EC3B4C-FE0F-4ECD-B85B-946BB012FF40}.Release|x86.Build.0 = Release|Any CPU
		{A2FAA3E8-80FE-4EBB-8168-3F207BA860D3}.Debug|Any CPU.ActiveCfg = Debug|Any CPU
		{A2FAA3E8-80FE-4EBB-8168-3F207BA860D3}.Debug|Any CPU.Build.0 = Debug|Any CPU
		{A2FAA3E8-80FE-4EBB-8168-3F207BA860D3}.Debug|x64.ActiveCfg = Debug|Any CPU
		{A2FAA3E8-80FE-4EBB-8168-3F207BA860D3}.Debug|x64.Build.0 = Debug|Any CPU
		{A2FAA3E8-80FE-4EBB-8168-3F207BA860D3}.Debug|x86.ActiveCfg = Debug|Any CPU
		{A2FAA3E8-80FE-4EBB-8168-3F207BA860D3}.Debug|x86.Build.0 = Debug|Any CPU
		{A2FAA3E8-80FE-4EBB-8168-3F207BA860D3}.Release|Any CPU.ActiveCfg = Release|Any CPU
		{A2FAA3E8-80FE-4EBB-8168-3F207BA860D3}.Release|Any CPU.Build.0 = Release|Any CPU
		{A2FAA3E8-80FE-4EBB-8168-3F207BA860D3}.Release|x64.ActiveCfg = Release|Any CPU
		{A2FAA3E8-80FE-4EBB-8168-3F207BA860D3}.Release|x64.Build.0 = Release|Any CPU
		{A2FAA3E8-80FE-4EBB-8168-3F207BA860D3}.Release|x86.ActiveCfg = Release|Any CPU
		{A2FAA3E8-80FE-4EBB-8168-3F207BA860D3}.Release|x86.Build.0 = Release|Any CPU
		{9C7101C2-BBA3-4E41-9A55-88FD193159D9}.Debug|Any CPU.ActiveCfg = Debug|Any CPU
		{9C7101C2-BBA3-4E41-9A55-88FD193159D9}.Debug|Any CPU.Build.0 = Debug|Any CPU
		{9C7101C2-BBA3-4E41-9A55-88FD193159D9}.Debug|x64.ActiveCfg = Debug|Any CPU
		{9C7101C2-BBA3-4E41-9A55-88FD193159D9}.Debug|x64.Build.0 = Debug|Any CPU
		{9C7101C2-BBA3-4E41-9A55-88FD193159D9}.Debug|x86.ActiveCfg = Debug|Any CPU
		{9C7101C2-BBA3-4E41-9A55-88FD193159D9}.Debug|x86.Build.0 = Debug|Any CPU
		{9C7101C2-BBA3-4E41-9A55-88FD193159D9}.Release|Any CPU.ActiveCfg = Release|Any CPU
		{9C7101C2-BBA3-4E41-9A55-88FD193159D9}.Release|Any CPU.Build.0 = Release|Any CPU
		{9C7101C2-BBA3-4E41-9A55-88FD193159D9}.Release|x64.ActiveCfg = Release|Any CPU
		{9C7101C2-BBA3-4E41-9A55-88FD193159D9}.Release|x64.Build.0 = Release|Any CPU
		{9C7101C2-BBA3-4E41-9A55-88FD193159D9}.Release|x86.ActiveCfg = Release|Any CPU
		{9C7101C2-BBA3-4E41-9A55-88FD193159D9}.Release|x86.Build.0 = Release|Any CPU
		{185C12FA-5580-4706-8B88-481850C44537}.Debug|Any CPU.ActiveCfg = Debug|Any CPU
		{185C12FA-5580-4706-8B88-481850C44537}.Debug|Any CPU.Build.0 = Debug|Any CPU
		{185C12FA-5580-4706-8B88-481850C44537}.Debug|x64.ActiveCfg = Debug|Any CPU
		{185C12FA-5580-4706-8B88-481850C44537}.Debug|x64.Build.0 = Debug|Any CPU
		{185C12FA-5580-4706-8B88-481850C44537}.Debug|x86.ActiveCfg = Debug|Any CPU
		{185C12FA-5580-4706-8B88-481850C44537}.Debug|x86.Build.0 = Debug|Any CPU
		{185C12FA-5580-4706-8B88-481850C44537}.Release|Any CPU.ActiveCfg = Release|Any CPU
		{185C12FA-5580-4706-8B88-481850C44537}.Release|Any CPU.Build.0 = Release|Any CPU
		{185C12FA-5580-4706-8B88-481850C44537}.Release|x64.ActiveCfg = Release|Any CPU
		{185C12FA-5580-4706-8B88-481850C44537}.Release|x64.Build.0 = Release|Any CPU
		{185C12FA-5580-4706-8B88-481850C44537}.Release|x86.ActiveCfg = Release|Any CPU
		{185C12FA-5580-4706-8B88-481850C44537}.Release|x86.Build.0 = Release|Any CPU
		{4DF4A1B9-F31C-49D1-8FEB-8DB37AEBDC0B}.Debug|Any CPU.ActiveCfg = Debug|Any CPU
		{4DF4A1B9-F31C-49D1-8FEB-8DB37AEBDC0B}.Debug|Any CPU.Build.0 = Debug|Any CPU
		{4DF4A1B9-F31C-49D1-8FEB-8DB37AEBDC0B}.Debug|x64.ActiveCfg = Debug|Any CPU
		{4DF4A1B9-F31C-49D1-8FEB-8DB37AEBDC0B}.Debug|x64.Build.0 = Debug|Any CPU
		{4DF4A1B9-F31C-49D1-8FEB-8DB37AEBDC0B}.Debug|x86.ActiveCfg = Debug|Any CPU
		{4DF4A1B9-F31C-49D1-8FEB-8DB37AEBDC0B}.Debug|x86.Build.0 = Debug|Any CPU
		{4DF4A1B9-F31C-49D1-8FEB-8DB37AEBDC0B}.Release|Any CPU.ActiveCfg = Release|Any CPU
		{4DF4A1B9-F31C-49D1-8FEB-8DB37AEBDC0B}.Release|Any CPU.Build.0 = Release|Any CPU
		{4DF4A1B9-F31C-49D1-8FEB-8DB37AEBDC0B}.Release|x64.ActiveCfg = Release|Any CPU
		{4DF4A1B9-F31C-49D1-8FEB-8DB37AEBDC0B}.Release|x64.Build.0 = Release|Any CPU
		{4DF4A1B9-F31C-49D1-8FEB-8DB37AEBDC0B}.Release|x86.ActiveCfg = Release|Any CPU
		{4DF4A1B9-F31C-49D1-8FEB-8DB37AEBDC0B}.Release|x86.Build.0 = Release|Any CPU
		{FBEBB725-F645-40DC-856C-D1BC7FB52CF3}.Debug|Any CPU.ActiveCfg = Debug|Any CPU
		{FBEBB725-F645-40DC-856C-D1BC7FB52CF3}.Debug|Any CPU.Build.0 = Debug|Any CPU
		{FBEBB725-F645-40DC-856C-D1BC7FB52CF3}.Debug|x64.ActiveCfg = Debug|Any CPU
		{FBEBB725-F645-40DC-856C-D1BC7FB52CF3}.Debug|x64.Build.0 = Debug|Any CPU
		{FBEBB725-F645-40DC-856C-D1BC7FB52CF3}.Debug|x86.ActiveCfg = Debug|Any CPU
		{FBEBB725-F645-40DC-856C-D1BC7FB52CF3}.Debug|x86.Build.0 = Debug|Any CPU
		{FBEBB725-F645-40DC-856C-D1BC7FB52CF3}.Release|Any CPU.ActiveCfg = Release|Any CPU
		{FBEBB725-F645-40DC-856C-D1BC7FB52CF3}.Release|Any CPU.Build.0 = Release|Any CPU
		{FBEBB725-F645-40DC-856C-D1BC7FB52CF3}.Release|x64.ActiveCfg = Release|Any CPU
		{FBEBB725-F645-40DC-856C-D1BC7FB52CF3}.Release|x64.Build.0 = Release|Any CPU
		{FBEBB725-F645-40DC-856C-D1BC7FB52CF3}.Release|x86.ActiveCfg = Release|Any CPU
		{FBEBB725-F645-40DC-856C-D1BC7FB52CF3}.Release|x86.Build.0 = Release|Any CPU
		{95D28477-05FE-4450-86B8-D7384202AB90}.Debug|Any CPU.ActiveCfg = Debug|Any CPU
		{95D28477-05FE-4450-86B8-D7384202AB90}.Debug|Any CPU.Build.0 = Debug|Any CPU
		{95D28477-05FE-4450-86B8-D7384202AB90}.Debug|x64.ActiveCfg = Debug|Any CPU
		{95D28477-05FE-4450-86B8-D7384202AB90}.Debug|x64.Build.0 = Debug|Any CPU
		{95D28477-05FE-4450-86B8-D7384202AB90}.Debug|x86.ActiveCfg = Debug|Any CPU
		{95D28477-05FE-4450-86B8-D7384202AB90}.Debug|x86.Build.0 = Debug|Any CPU
		{95D28477-05FE-4450-86B8-D7384202AB90}.Release|Any CPU.ActiveCfg = Release|Any CPU
		{95D28477-05FE-4450-86B8-D7384202AB90}.Release|Any CPU.Build.0 = Release|Any CPU
		{95D28477-05FE-4450-86B8-D7384202AB90}.Release|x64.ActiveCfg = Release|Any CPU
		{95D28477-05FE-4450-86B8-D7384202AB90}.Release|x64.Build.0 = Release|Any CPU
		{95D28477-05FE-4450-86B8-D7384202AB90}.Release|x86.ActiveCfg = Release|Any CPU
		{95D28477-05FE-4450-86B8-D7384202AB90}.Release|x86.Build.0 = Release|Any CPU
		{1DADD24C-5BEF-400D-9C96-8092857D346A}.Debug|Any CPU.ActiveCfg = Debug|Any CPU
		{1DADD24C-5BEF-400D-9C96-8092857D346A}.Debug|Any CPU.Build.0 = Debug|Any CPU
		{1DADD24C-5BEF-400D-9C96-8092857D346A}.Debug|x64.ActiveCfg = Debug|Any CPU
		{1DADD24C-5BEF-400D-9C96-8092857D346A}.Debug|x64.Build.0 = Debug|Any CPU
		{1DADD24C-5BEF-400D-9C96-8092857D346A}.Debug|x86.ActiveCfg = Debug|Any CPU
		{1DADD24C-5BEF-400D-9C96-8092857D346A}.Debug|x86.Build.0 = Debug|Any CPU
		{1DADD24C-5BEF-400D-9C96-8092857D346A}.Release|Any CPU.ActiveCfg = Release|Any CPU
		{1DADD24C-5BEF-400D-9C96-8092857D346A}.Release|Any CPU.Build.0 = Release|Any CPU
		{1DADD24C-5BEF-400D-9C96-8092857D346A}.Release|x64.ActiveCfg = Release|Any CPU
		{1DADD24C-5BEF-400D-9C96-8092857D346A}.Release|x64.Build.0 = Release|Any CPU
		{1DADD24C-5BEF-400D-9C96-8092857D346A}.Release|x86.ActiveCfg = Release|Any CPU
		{1DADD24C-5BEF-400D-9C96-8092857D346A}.Release|x86.Build.0 = Release|Any CPU
	EndGlobalSection
	GlobalSection(SolutionProperties) = preSolution
		HideSolutionNode = FALSE
	EndGlobalSection
	GlobalSection(NestedProjects) = preSolution
		{72213E25-DEA2-4A6F-9FA9-AC03F3DE7DCF} = {7DAC892E-ADAE-4CEB-8A0C-EDC452A5826A}
		{0C92EDA7-492F-4CBA-9F36-61932CA5C1F4} = {7DAC892E-ADAE-4CEB-8A0C-EDC452A5826A}
		{578CE255-E412-4CC7-9A03-1EDCA522DA27} = {7DAC892E-ADAE-4CEB-8A0C-EDC452A5826A}
		{62BD1600-18A2-400E-94F5-C33BBD67CA97} = {8B498D0C-F488-4B38-8A7D-B20BF9DB6F60}
		{E22B59BD-A658-4E32-9407-C8D9570B9FDF} = {7DAC892E-ADAE-4CEB-8A0C-EDC452A5826A}
		{A86924AE-4B77-47A8-A690-EDA395F075A9} = {7DAC892E-ADAE-4CEB-8A0C-EDC452A5826A}
		{9FCFAD2A-061E-4FC0-848E-F0E8AA03676D} = {7DAC892E-ADAE-4CEB-8A0C-EDC452A5826A}
		{62BD1609-18A2-400E-94F5-C33BBD67CA97} = {8B498D0C-F488-4B38-8A7D-B20BF9DB6F60}
		{865B29F0-BDBF-4CF6-A6F2-C41CD2F00A56} = {8B498D0C-F488-4B38-8A7D-B20BF9DB6F60}
		{D9B16B88-4B85-4208-8F1C-39DFB248250C} = {8B498D0C-F488-4B38-8A7D-B20BF9DB6F60}
		{FCB1B0F2-3067-4FE8-8A98-5EC80F38D534} = {8B498D0C-F488-4B38-8A7D-B20BF9DB6F60}
		{23BE51C6-05FD-4573-A5D7-428B290BC9E0} = {7DAC892E-ADAE-4CEB-8A0C-EDC452A5826A}
		{B87FEC58-7768-4AF0-A6BF-1F95F8A37B2F} = {8B498D0C-F488-4B38-8A7D-B20BF9DB6F60}
		{7F621994-57DC-4AD9-8F0A-7F42B7F6F370} = {8B498D0C-F488-4B38-8A7D-B20BF9DB6F60}
		{D26D7FC1-3DCD-434C-8261-63FCCEF27278} = {7DAC892E-ADAE-4CEB-8A0C-EDC452A5826A}
		{8596D7A3-DE37-45B2-ACC1-38CA62BAE295} = {7DAC892E-ADAE-4CEB-8A0C-EDC452A5826A}
		{21B88A8F-5954-4D24-9965-A221E06A6185} = {8B498D0C-F488-4B38-8A7D-B20BF9DB6F60}
		{C416006F-FAE9-4263-8290-81B2AA81E024} = {8B498D0C-F488-4B38-8A7D-B20BF9DB6F60}
		{D3B88572-AF3B-4780-8DB5-A510F88E7BD5} = {CDC477F2-3C4B-446D-A2CB-21C61A3C1064}
		{663873E2-DB0A-4FDD-88D5-1DCE94A4FECB} = {CDC477F2-3C4B-446D-A2CB-21C61A3C1064}
		{D039B509-5C0F-43B3-A985-066B0D71866B} = {CDC477F2-3C4B-446D-A2CB-21C61A3C1064}
		{D2B54F3C-F18A-4D57-B4B3-0DB0A3FC2E92} = {CDC477F2-3C4B-446D-A2CB-21C61A3C1064}
		{0546F84E-5503-476C-A212-E8FA55ABC5C3} = {CDC477F2-3C4B-446D-A2CB-21C61A3C1064}
		{81EC3B4C-FE0F-4ECD-B85B-946BB012FF40} = {CDC477F2-3C4B-446D-A2CB-21C61A3C1064}
		{A2FAA3E8-80FE-4EBB-8168-3F207BA860D3} = {CDC477F2-3C4B-446D-A2CB-21C61A3C1064}
		{9C7101C2-BBA3-4E41-9A55-88FD193159D9} = {CDC477F2-3C4B-446D-A2CB-21C61A3C1064}
		{185C12FA-5580-4706-8B88-481850C44537} = {7DAC892E-ADAE-4CEB-8A0C-EDC452A5826A}
		{4DF4A1B9-F31C-49D1-8FEB-8DB37AEBDC0B} = {7DAC892E-ADAE-4CEB-8A0C-EDC452A5826A}
		{FBEBB725-F645-40DC-856C-D1BC7FB52CF3} = {7DAC892E-ADAE-4CEB-8A0C-EDC452A5826A}
		{95D28477-05FE-4450-86B8-D7384202AB90} = {7DAC892E-ADAE-4CEB-8A0C-EDC452A5826A}
		{1DADD24C-5BEF-400D-9C96-8092857D346A} = {7272B385-2422-4C57-8C1B-65C12250D8FF}
	EndGlobalSection
	GlobalSection(ExtensibilityGlobals) = postSolution
		SolutionGuid = {6EA1A508-6033-4538-BF98-7F71B4E297AD}
	EndGlobalSection
EndGlobal
