<Solution>
  <Configurations>
    <BuildType Name="Debug" />
    <BuildType Name="Release" />
    <Platform Name="x64" />
    <Platform Name="x86" />
  </Configurations>
  <Project Path="TestProject/TestProject.csproj" />
  <Project Path="OtherTestProject/OtherTestProject.csproj">
    <Platform Solution="*|x86" Project="Any CPU" Build="false" />
  </Project>
</Solution>
